// !$*UTF8*$!
{
	archiveVersion = 1;
	classes = {
	};
	objectVersion = 46;
	objects = {

/* Begin PBXBuildFile section */
		182601B81994591A008BC8E3 /* KD3UserSecretViewController.m in Sources */ = {isa = PBXBuildFile; fileRef = 182601B71994591A008BC8E3 /* KD3UserSecretViewController.m */; };
		182601BB19947B0A008BC8E3 /* KD3UserInfoViewController.m in Sources */ = {isa = PBXBuildFile; fileRef = 182601BA19947B0A008BC8E3 /* KD3UserInfoViewController.m */; };
		182601BE19947B73008BC8E3 /* KD3AppInfoViewController.m in Sources */ = {isa = PBXBuildFile; fileRef = 182601BD19947B73008BC8E3 /* KD3AppInfoViewController.m */; };
		182601C119948779008BC8E3 /* KD3TabBarController.m in Sources */ = {isa = PBXBuildFile; fileRef = 182601C019948779008BC8E3 /* KD3TabBarController.m */; };
		186C1D9C19936E6E0041A586 /* KD3SettingViewController.m in Sources */ = {isa = PBXBuildFile; fileRef = 186C1D9B19936E6E0041A586 /* KD3SettingViewController.m */; };
		188F5731197E3123006E4947 /* KD3LoginViewController.m in Sources */ = {isa = PBXBuildFile; fileRef = 188F5730197E3123006E4947 /* KD3LoginViewController.m */; };
		1891C155197D56AE00118C78 /* index.js in Sources */ = {isa = PBXBuildFile; fileRef = 1891C154197D56AE00118C78 /* index.js */; };
		1892198E198FB573008041D9 /* launch_r4.png in Resources */ = {isa = PBXBuildFile; fileRef = 1892198D198FB573008041D9 /* launch_r4.png */; };
		18923A3F198F860B006BAB7C /* launch.png in Resources */ = {isa = PBXBuildFile; fileRef = 18923A3E198F860B006BAB7C /* launch.png */; };
		18925CEB198731C8009987E5 /* KD3PowerPlantController.m in Sources */ = {isa = PBXBuildFile; fileRef = 18925CEA198731C8009987E5 /* KD3PowerPlantController.m */; };
		1892782E19985A6B00163325 /* cb_box_off.png in Resources */ = {isa = PBXBuildFile; fileRef = 1892781A19985A6B00163325 /* cb_box_off.png */; };
		1892782F19985A6B00163325 /* cb_box_off@2x.png in Resources */ = {isa = PBXBuildFile; fileRef = 1892781B19985A6B00163325 /* cb_box_off@2x.png */; };
		1892783019985A6B00163325 /* cb_box_on.png in Resources */ = {isa = PBXBuildFile; fileRef = 1892781C19985A6B00163325 /* cb_box_on.png */; };
		1892783119985A6B00163325 /* cb_box_on@2x.png in Resources */ = {isa = PBXBuildFile; fileRef = 1892781D19985A6B00163325 /* cb_box_on@2x.png */; };
		1892783219985A6B00163325 /* cb_dark_off.png in Resources */ = {isa = PBXBuildFile; fileRef = 1892781E19985A6B00163325 /* cb_dark_off.png */; };
		1892783319985A6B00163325 /* cb_dark_off@2x.png in Resources */ = {isa = PBXBuildFile; fileRef = 1892781F19985A6B00163325 /* cb_dark_off@2x.png */; };
		1892783419985A6B00163325 /* cb_dark_on.png in Resources */ = {isa = PBXBuildFile; fileRef = 1892782019985A6B00163325 /* cb_dark_on.png */; };
		1892783519985A6B00163325 /* cb_dark_on@2x.png in Resources */ = {isa = PBXBuildFile; fileRef = 1892782119985A6B00163325 /* cb_dark_on@2x.png */; };
		1892783619985A6B00163325 /* cb_glossy_off.png in Resources */ = {isa = PBXBuildFile; fileRef = 1892782219985A6B00163325 /* cb_glossy_off.png */; };
		1892783719985A6B00163325 /* cb_glossy_off@2x.png in Resources */ = {isa = PBXBuildFile; fileRef = 1892782319985A6B00163325 /* cb_glossy_off@2x.png */; };
		1892783819985A6B00163325 /* cb_glossy_on.png in Resources */ = {isa = PBXBuildFile; fileRef = 1892782419985A6B00163325 /* cb_glossy_on.png */; };
		1892783919985A6B00163325 /* cb_glossy_on@2x.png in Resources */ = {isa = PBXBuildFile; fileRef = 1892782519985A6B00163325 /* cb_glossy_on@2x.png */; };
		1892783A19985A6B00163325 /* cb_green_off.png in Resources */ = {isa = PBXBuildFile; fileRef = 1892782619985A6B00163325 /* cb_green_off.png */; };
		1892783B19985A6B00163325 /* cb_green_off@2x.png in Resources */ = {isa = PBXBuildFile; fileRef = 1892782719985A6B00163325 /* cb_green_off@2x.png */; };
		1892783C19985A6B00163325 /* cb_green_on.png in Resources */ = {isa = PBXBuildFile; fileRef = 1892782819985A6B00163325 /* cb_green_on.png */; };
		1892783D19985A6B00163325 /* cb_green_on@2x.png in Resources */ = {isa = PBXBuildFile; fileRef = 1892782919985A6B00163325 /* cb_green_on@2x.png */; };
		1892783E19985A6B00163325 /* cb_mono_off.png in Resources */ = {isa = PBXBuildFile; fileRef = 1892782A19985A6B00163325 /* cb_mono_off.png */; };
		1892783F19985A6B00163325 /* cb_mono_off@2x.png in Resources */ = {isa = PBXBuildFile; fileRef = 1892782B19985A6B00163325 /* cb_mono_off@2x.png */; };
		1892784019985A6B00163325 /* cb_mono_on.png in Resources */ = {isa = PBXBuildFile; fileRef = 1892782C19985A6B00163325 /* cb_mono_on.png */; };
		1892784119985A6B00163325 /* cb_mono_on@2x.png in Resources */ = {isa = PBXBuildFile; fileRef = 1892782D19985A6B00163325 /* cb_mono_on@2x.png */; };
		1892902E19961D3D0056CEAC /* Security.framework in Frameworks */ = {isa = PBXBuildFile; fileRef = 1892902D19961D3D0056CEAC /* Security.framework */; };
		18929037199757320056CEAC /* SFHFKeychainUtils.m in Sources */ = {isa = PBXBuildFile; fileRef = 18929036199757320056CEAC /* SFHFKeychainUtils.m */; settings = {COMPILER_FLAGS = "-fno-objc-arc"; }; };
		1892903B19977F1D0056CEAC /* ACPButton.m in Sources */ = {isa = PBXBuildFile; fileRef = 1892903A19977F1D0056CEAC /* ACPButton.m */; };
		1892B2011997B1900086D32A /* refresh.png in Resources */ = {isa = PBXBuildFile; fileRef = 1892B2001997B1900086D32A /* refresh.png */; };
		1892B2031997B7BE0086D32A /* set.png in Resources */ = {isa = PBXBuildFile; fileRef = 1892B2021997B7BE0086D32A /* set.png */; };
		1893E5721993B2B6009B2A98 /* bg.jpg in Resources */ = {isa = PBXBuildFile; fileRef = 1893E5711993B2B6009B2A98 /* bg.jpg */; };
		1893EB1F198F7FFC0098F0C7 /* icon_29x29@2x.png in Resources */ = {isa = PBXBuildFile; fileRef = 1893EB1C198F7FFC0098F0C7 /* icon_29x29@2x.png */; };
		1893EB20198F7FFC0098F0C7 /* icon_40x40@2x.png in Resources */ = {isa = PBXBuildFile; fileRef = 1893EB1D198F7FFC0098F0C7 /* icon_40x40@2x.png */; };
		1893EB21198F7FFC0098F0C7 /* icon_60x60@2x.png in Resources */ = {isa = PBXBuildFile; fileRef = 1893EB1E198F7FFC0098F0C7 /* icon_60x60@2x.png */; };
		1894E4A41991B4D60051A268 /* ti.png in Resources */ = {isa = PBXBuildFile; fileRef = 1894E4A31991B4D60051A268 /* ti.png */; };
		1894E4A61991B7580051A268 /* cloudy2.png in Resources */ = {isa = PBXBuildFile; fileRef = 1894E4A51991B7580051A268 /* cloudy2.png */; };
		1894E4B51991D1C20051A268 /* SSCheckBoxView.m in Sources */ = {isa = PBXBuildFile; fileRef = 1894E4B41991D1C20051A268 /* SSCheckBoxView.m */; };
		1894E4B81991D2180051A268 /* UIHelpers.m in Sources */ = {isa = PBXBuildFile; fileRef = 1894E4B71991D2180051A268 /* UIHelpers.m */; };
		18A879F11977C12500BCD647 /* Foundation.framework in Frameworks */ = {isa = PBXBuildFile; fileRef = 18A879F01977C12500BCD647 /* Foundation.framework */; };
		18A879F31977C12500BCD647 /* CoreGraphics.framework in Frameworks */ = {isa = PBXBuildFile; fileRef = 18A879F21977C12500BCD647 /* CoreGraphics.framework */; };
		18A879F51977C12500BCD647 /* UIKit.framework in Frameworks */ = {isa = PBXBuildFile; fileRef = 18A879F41977C12500BCD647 /* UIKit.framework */; };
		18A879FB1977C12500BCD647 /* InfoPlist.strings in Resources */ = {isa = PBXBuildFile; fileRef = 18A879F91977C12500BCD647 /* InfoPlist.strings */; };
		18A879FD1977C12500BCD647 /* main.m in Sources */ = {isa = PBXBuildFile; fileRef = 18A879FC1977C12500BCD647 /* main.m */; };
		18A87A011977C12500BCD647 /* KD3AppDelegate.m in Sources */ = {isa = PBXBuildFile; fileRef = 18A87A001977C12500BCD647 /* KD3AppDelegate.m */; };
		18A87A041977C12500BCD647 /* Main.storyboard in Resources */ = {isa = PBXBuildFile; fileRef = 18A87A021977C12500BCD647 /* Main.storyboard */; };
		18A87A0C1977C12500BCD647 /* Images.xcassets in Resources */ = {isa = PBXBuildFile; fileRef = 18A87A0B1977C12500BCD647 /* Images.xcassets */; };
		18A87A131977C12500BCD647 /* XCTest.framework in Frameworks */ = {isa = PBXBuildFile; fileRef = 18A87A121977C12500BCD647 /* XCTest.framework */; };
		18A87A141977C12500BCD647 /* Foundation.framework in Frameworks */ = {isa = PBXBuildFile; fileRef = 18A879F01977C12500BCD647 /* Foundation.framework */; };
		18A87A151977C12500BCD647 /* UIKit.framework in Frameworks */ = {isa = PBXBuildFile; fileRef = 18A879F41977C12500BCD647 /* UIKit.framework */; };
		18A87A1D1977C12500BCD647 /* InfoPlist.strings in Resources */ = {isa = PBXBuildFile; fileRef = 18A87A1B1977C12500BCD647 /* InfoPlist.strings */; };
		18A87A1F1977C12500BCD647 /* kedongTests.m in Sources */ = {isa = PBXBuildFile; fileRef = 18A87A1E1977C12500BCD647 /* kedongTests.m */; };
		18F8F893197912C800C403D3 /* KD3CommonTools.m in Sources */ = {isa = PBXBuildFile; fileRef = 18F8F892197912C800C403D3 /* KD3CommonTools.m */; };
/* End PBXBuildFile section */

/* Begin PBXContainerItemProxy section */
		18A87A161977C12500BCD647 /* PBXContainerItemProxy */ = {
			isa = PBXContainerItemProxy;
			containerPortal = 18A879E51977C12500BCD647 /* Project object */;
			proxyType = 1;
			remoteGlobalIDString = 18A879EC1977C12500BCD647;
			remoteInfo = kedong;
		};
/* End PBXContainerItemProxy section */

/* Begin PBXFileReference section */
		182601B61994591A008BC8E3 /* KD3UserSecretViewController.h */ = {isa = PBXFileReference; fileEncoding = 4; lastKnownFileType = sourcecode.c.h; path = KD3UserSecretViewController.h; sourceTree = "<group>"; };
		182601B71994591A008BC8E3 /* KD3UserSecretViewController.m */ = {isa = PBXFileReference; fileEncoding = 4; lastKnownFileType = sourcecode.c.objc; path = KD3UserSecretViewController.m; sourceTree = "<group>"; };
		182601B919947B0A008BC8E3 /* KD3UserInfoViewController.h */ = {isa = PBXFileReference; fileEncoding = 4; lastKnownFileType = sourcecode.c.h; path = KD3UserInfoViewController.h; sourceTree = "<group>"; };
		182601BA19947B0A008BC8E3 /* KD3UserInfoViewController.m */ = {isa = PBXFileReference; fileEncoding = 4; lastKnownFileType = sourcecode.c.objc; path = KD3UserInfoViewController.m; sourceTree = "<group>"; };
		182601BC19947B73008BC8E3 /* KD3AppInfoViewController.h */ = {isa = PBXFileReference; fileEncoding = 4; lastKnownFileType = sourcecode.c.h; path = KD3AppInfoViewController.h; sourceTree = "<group>"; };
		182601BD19947B73008BC8E3 /* KD3AppInfoViewController.m */ = {isa = PBXFileReference; fileEncoding = 4; lastKnownFileType = sourcecode.c.objc; path = KD3AppInfoViewController.m; sourceTree = "<group>"; };
		182601BF19948779008BC8E3 /* KD3TabBarController.h */ = {isa = PBXFileReference; fileEncoding = 4; lastKnownFileType = sourcecode.c.h; path = KD3TabBarController.h; sourceTree = "<group>"; };
		182601C019948779008BC8E3 /* KD3TabBarController.m */ = {isa = PBXFileReference; fileEncoding = 4; lastKnownFileType = sourcecode.c.objc; path = KD3TabBarController.m; sourceTree = "<group>"; };
		186C1D9A19936E6E0041A586 /* KD3SettingViewController.h */ = {isa = PBXFileReference; fileEncoding = 4; lastKnownFileType = sourcecode.c.h; path = KD3SettingViewController.h; sourceTree = "<group>"; };
		186C1D9B19936E6E0041A586 /* KD3SettingViewController.m */ = {isa = PBXFileReference; fileEncoding = 4; lastKnownFileType = sourcecode.c.objc; path = KD3SettingViewController.m; sourceTree = "<group>"; };
		188F572F197E3123006E4947 /* KD3LoginViewController.h */ = {isa = PBXFileReference; fileEncoding = 4; lastKnownFileType = sourcecode.c.h; path = KD3LoginViewController.h; sourceTree = "<group>"; };
		188F5730197E3123006E4947 /* KD3LoginViewController.m */ = {isa = PBXFileReference; fileEncoding = 4; lastKnownFileType = sourcecode.c.objc; path = KD3LoginViewController.m; sourceTree = "<group>"; };
		1891C154197D56AE00118C78 /* index.js */ = {isa = PBXFileReference; fileEncoding = 4; lastKnownFileType = sourcecode.javascript; path = index.js; sourceTree = "<group>"; };
		1892198D198FB573008041D9 /* launch_r4.png */ = {isa = PBXFileReference; lastKnownFileType = image.png; path = launch_r4.png; sourceTree = "<group>"; };
		18923A3E198F860B006BAB7C /* launch.png */ = {isa = PBXFileReference; lastKnownFileType = image.png; path = launch.png; sourceTree = "<group>"; };
		18925CE9198731C8009987E5 /* KD3PowerPlantController.h */ = {isa = PBXFileReference; fileEncoding = 4; lastKnownFileType = sourcecode.c.h; path = KD3PowerPlantController.h; sourceTree = "<group>"; };
		18925CEA198731C8009987E5 /* KD3PowerPlantController.m */ = {isa = PBXFileReference; fileEncoding = 4; lastKnownFileType = sourcecode.c.objc; path = KD3PowerPlantController.m; sourceTree = "<group>"; };
		1892781A19985A6B00163325 /* cb_box_off.png */ = {isa = PBXFileReference; lastKnownFileType = image.png; path = cb_box_off.png; sourceTree = "<group>"; };
		1892781B19985A6B00163325 /* cb_box_off@2x.png */ = {isa = PBXFileReference; lastKnownFileType = image.png; path = "cb_box_off@2x.png"; sourceTree = "<group>"; };
		1892781C19985A6B00163325 /* cb_box_on.png */ = {isa = PBXFileReference; lastKnownFileType = image.png; path = cb_box_on.png; sourceTree = "<group>"; };
		1892781D19985A6B00163325 /* cb_box_on@2x.png */ = {isa = PBXFileReference; lastKnownFileType = image.png; path = "cb_box_on@2x.png"; sourceTree = "<group>"; };
		1892781E19985A6B00163325 /* cb_dark_off.png */ = {isa = PBXFileReference; lastKnownFileType = image.png; path = cb_dark_off.png; sourceTree = "<group>"; };
		1892781F19985A6B00163325 /* cb_dark_off@2x.png */ = {isa = PBXFileReference; lastKnownFileType = image.png; path = "cb_dark_off@2x.png"; sourceTree = "<group>"; };
		1892782019985A6B00163325 /* cb_dark_on.png */ = {isa = PBXFileReference; lastKnownFileType = image.png; path = cb_dark_on.png; sourceTree = "<group>"; };
		1892782119985A6B00163325 /* cb_dark_on@2x.png */ = {isa = PBXFileReference; lastKnownFileType = image.png; path = "cb_dark_on@2x.png"; sourceTree = "<group>"; };
		1892782219985A6B00163325 /* cb_glossy_off.png */ = {isa = PBXFileReference; lastKnownFileType = image.png; path = cb_glossy_off.png; sourceTree = "<group>"; };
		1892782319985A6B00163325 /* cb_glossy_off@2x.png */ = {isa = PBXFileReference; lastKnownFileType = image.png; path = "cb_glossy_off@2x.png"; sourceTree = "<group>"; };
		1892782419985A6B00163325 /* cb_glossy_on.png */ = {isa = PBXFileReference; lastKnownFileType = image.png; path = cb_glossy_on.png; sourceTree = "<group>"; };
		1892782519985A6B00163325 /* cb_glossy_on@2x.png */ = {isa = PBXFileReference; lastKnownFileType = image.png; path = "cb_glossy_on@2x.png"; sourceTree = "<group>"; };
		1892782619985A6B00163325 /* cb_green_off.png */ = {isa = PBXFileReference; lastKnownFileType = image.png; path = cb_green_off.png; sourceTree = "<group>"; };
		1892782719985A6B00163325 /* cb_green_off@2x.png */ = {isa = PBXFileReference; lastKnownFileType = image.png; path = "cb_green_off@2x.png"; sourceTree = "<group>"; };
		1892782819985A6B00163325 /* cb_green_on.png */ = {isa = PBXFileReference; lastKnownFileType = image.png; path = cb_green_on.png; sourceTree = "<group>"; };
		1892782919985A6B00163325 /* cb_green_on@2x.png */ = {isa = PBXFileReference; lastKnownFileType = image.png; path = "cb_green_on@2x.png"; sourceTree = "<group>"; };
		1892782A19985A6B00163325 /* cb_mono_off.png */ = {isa = PBXFileReference; lastKnownFileType = image.png; path = cb_mono_off.png; sourceTree = "<group>"; };
		1892782B19985A6B00163325 /* cb_mono_off@2x.png */ = {isa = PBXFileReference; lastKnownFileType = image.png; path = "cb_mono_off@2x.png"; sourceTree = "<group>"; };
		1892782C19985A6B00163325 /* cb_mono_on.png */ = {isa = PBXFileReference; lastKnownFileType = image.png; path = cb_mono_on.png; sourceTree = "<group>"; };
		1892782D19985A6B00163325 /* cb_mono_on@2x.png */ = {isa = PBXFileReference; lastKnownFileType = image.png; path = "cb_mono_on@2x.png"; sourceTree = "<group>"; };
		1892902C1995E3E50056CEAC /* project.h */ = {isa = PBXFileReference; fileEncoding = 4; lastKnownFileType = sourcecode.c.h; path = project.h; sourceTree = "<group>"; };
		1892902D19961D3D0056CEAC /* Security.framework */ = {isa = PBXFileReference; lastKnownFileType = wrapper.framework; name = Security.framework; path = System/Library/Frameworks/Security.framework; sourceTree = SDKROOT; };
		18929035199757320056CEAC /* SFHFKeychainUtils.h */ = {isa = PBXFileReference; fileEncoding = 4; lastKnownFileType = sourcecode.c.h; path = SFHFKeychainUtils.h; sourceTree = "<group>"; };
		18929036199757320056CEAC /* SFHFKeychainUtils.m */ = {isa = PBXFileReference; fileEncoding = 4; lastKnownFileType = sourcecode.c.objc; path = SFHFKeychainUtils.m; sourceTree = "<group>"; };
		1892903919977F1D0056CEAC /* ACPButton.h */ = {isa = PBXFileReference; fileEncoding = 4; lastKnownFileType = sourcecode.c.h; path = ACPButton.h; sourceTree = "<group>"; };
		1892903A19977F1D0056CEAC /* ACPButton.m */ = {isa = PBXFileReference; fileEncoding = 4; lastKnownFileType = sourcecode.c.objc; path = ACPButton.m; sourceTree = "<group>"; };
		1892B2001997B1900086D32A /* refresh.png */ = {isa = PBXFileReference; lastKnownFileType = image.png; path = refresh.png; sourceTree = "<group>"; };
		1892B2021997B7BE0086D32A /* set.png */ = {isa = PBXFileReference; lastKnownFileType = image.png; path = set.png; sourceTree = "<group>"; };
		1893E5711993B2B6009B2A98 /* bg.jpg */ = {isa = PBXFileReference; lastKnownFileType = image.jpeg; path = bg.jpg; sourceTree = "<group>"; };
		1893EB1C198F7FFC0098F0C7 /* icon_29x29@2x.png */ = {isa = PBXFileReference; lastKnownFileType = image.png; path = "icon_29x29@2x.png"; sourceTree = "<group>"; };
		1893EB1D198F7FFC0098F0C7 /* icon_40x40@2x.png */ = {isa = PBXFileReference; lastKnownFileType = image.png; path = "icon_40x40@2x.png"; sourceTree = "<group>"; };
		1893EB1E198F7FFC0098F0C7 /* icon_60x60@2x.png */ = {isa = PBXFileReference; lastKnownFileType = image.png; path = "icon_60x60@2x.png"; sourceTree = "<group>"; };
		1894E4A31991B4D60051A268 /* ti.png */ = {isa = PBXFileReference; lastKnownFileType = image.png; path = ti.png; sourceTree = "<group>"; };
		1894E4A51991B7580051A268 /* cloudy2.png */ = {isa = PBXFileReference; lastKnownFileType = image.png; path = cloudy2.png; sourceTree = "<group>"; };
		1894E4B31991D1C20051A268 /* SSCheckBoxView.h */ = {isa = PBXFileReference; fileEncoding = 4; lastKnownFileType = sourcecode.c.h; path = SSCheckBoxView.h; sourceTree = "<group>"; };
		1894E4B41991D1C20051A268 /* SSCheckBoxView.m */ = {isa = PBXFileReference; fileEncoding = 4; lastKnownFileType = sourcecode.c.objc; path = SSCheckBoxView.m; sourceTree = "<group>"; };
		1894E4B61991D2180051A268 /* UIHelpers.h */ = {isa = PBXFileReference; fileEncoding = 4; lastKnownFileType = sourcecode.c.h; path = UIHelpers.h; sourceTree = "<group>"; };
		1894E4B71991D2180051A268 /* UIHelpers.m */ = {isa = PBXFileReference; fileEncoding = 4; lastKnownFileType = sourcecode.c.objc; path = UIHelpers.m; sourceTree = "<group>"; };
		18A879ED1977C12500BCD647 /* kedong.app */ = {isa = PBXFileReference; explicitFileType = wrapper.application; includeInIndex = 0; path = kedong.app; sourceTree = BUILT_PRODUCTS_DIR; };
		18A879F01977C12500BCD647 /* Foundation.framework */ = {isa = PBXFileReference; lastKnownFileType = wrapper.framework; name = Foundation.framework; path = System/Library/Frameworks/Foundation.framework; sourceTree = SDKROOT; };
		18A879F21977C12500BCD647 /* CoreGraphics.framework */ = {isa = PBXFileReference; lastKnownFileType = wrapper.framework; name = CoreGraphics.framework; path = System/Library/Frameworks/CoreGraphics.framework; sourceTree = SDKROOT; };
		18A879F41977C12500BCD647 /* UIKit.framework */ = {isa = PBXFileReference; lastKnownFileType = wrapper.framework; name = UIKit.framework; path = System/Library/Frameworks/UIKit.framework; sourceTree = SDKROOT; };
		18A879F81977C12500BCD647 /* kedong-Info.plist */ = {isa = PBXFileReference; lastKnownFileType = text.plist.xml; path = "kedong-Info.plist"; sourceTree = "<group>"; };
		18A879FA1977C12500BCD647 /* en */ = {isa = PBXFileReference; lastKnownFileType = text.plist.strings; name = en; path = en.lproj/InfoPlist.strings; sourceTree = "<group>"; };
		18A879FC1977C12500BCD647 /* main.m */ = {isa = PBXFileReference; lastKnownFileType = sourcecode.c.objc; path = main.m; sourceTree = "<group>"; };
		18A879FE1977C12500BCD647 /* kedong-Prefix.pch */ = {isa = PBXFileReference; lastKnownFileType = sourcecode.c.h; path = "kedong-Prefix.pch"; sourceTree = "<group>"; };
		18A879FF1977C12500BCD647 /* KD3AppDelegate.h */ = {isa = PBXFileReference; lastKnownFileType = sourcecode.c.h; path = KD3AppDelegate.h; sourceTree = "<group>"; };
		18A87A001977C12500BCD647 /* KD3AppDelegate.m */ = {isa = PBXFileReference; lastKnownFileType = sourcecode.c.objc; path = KD3AppDelegate.m; sourceTree = "<group>"; };
		18A87A031977C12500BCD647 /* Base */ = {isa = PBXFileReference; lastKnownFileType = file.storyboard; name = Base; path = Base.lproj/Main.storyboard; sourceTree = "<group>"; };
		18A87A0B1977C12500BCD647 /* Images.xcassets */ = {isa = PBXFileReference; lastKnownFileType = folder.assetcatalog; path = Images.xcassets; sourceTree = "<group>"; };
		18A87A111977C12500BCD647 /* kedongTests.xctest */ = {isa = PBXFileReference; explicitFileType = wrapper.cfbundle; includeInIndex = 0; path = kedongTests.xctest; sourceTree = BUILT_PRODUCTS_DIR; };
		18A87A121977C12500BCD647 /* XCTest.framework */ = {isa = PBXFileReference; lastKnownFileType = wrapper.framework; name = XCTest.framework; path = Library/Frameworks/XCTest.framework; sourceTree = DEVELOPER_DIR; };
		18A87A1A1977C12500BCD647 /* kedongTests-Info.plist */ = {isa = PBXFileReference; lastKnownFileType = text.plist.xml; path = "kedongTests-Info.plist"; sourceTree = "<group>"; };
		18A87A1C1977C12500BCD647 /* en */ = {isa = PBXFileReference; lastKnownFileType = text.plist.strings; name = en; path = en.lproj/InfoPlist.strings; sourceTree = "<group>"; };
		18A87A1E1977C12500BCD647 /* kedongTests.m */ = {isa = PBXFileReference; lastKnownFileType = sourcecode.c.objc; path = kedongTests.m; sourceTree = "<group>"; };
		18F8F891197912C800C403D3 /* KD3CommonTools.h */ = {isa = PBXFileReference; fileEncoding = 4; lastKnownFileType = sourcecode.c.h; path = KD3CommonTools.h; sourceTree = "<group>"; };
		18F8F892197912C800C403D3 /* KD3CommonTools.m */ = {isa = PBXFileReference; fileEncoding = 4; lastKnownFileType = sourcecode.c.objc; path = KD3CommonTools.m; sourceTree = "<group>"; };
/* End PBXFileReference section */

/* Begin PBXFrameworksBuildPhase section */
		18A879EA1977C12500BCD647 /* Frameworks */ = {
			isa = PBXFrameworksBuildPhase;
			buildActionMask = 2147483647;
			files = (
				1892902E19961D3D0056CEAC /* Security.framework in Frameworks */,
				18A879F31977C12500BCD647 /* CoreGraphics.framework in Frameworks */,
				18A879F51977C12500BCD647 /* UIKit.framework in Frameworks */,
				18A879F11977C12500BCD647 /* Foundation.framework in Frameworks */,
			);
			runOnlyForDeploymentPostprocessing = 0;
		};
		18A87A0E1977C12500BCD647 /* Frameworks */ = {
			isa = PBXFrameworksBuildPhase;
			buildActionMask = 2147483647;
			files = (
				18A87A131977C12500BCD647 /* XCTest.framework in Frameworks */,
				18A87A151977C12500BCD647 /* UIKit.framework in Frameworks */,
				18A87A141977C12500BCD647 /* Foundation.framework in Frameworks */,
			);
			runOnlyForDeploymentPostprocessing = 0;
		};
/* End PBXFrameworksBuildPhase section */

/* Begin PBXGroup section */
		188F573A197E5C3A006E4947 /* images */ = {
			isa = PBXGroup;
			children = (
				1893E5711993B2B6009B2A98 /* bg.jpg */,
				1892B2001997B1900086D32A /* refresh.png */,
				1892B2021997B7BE0086D32A /* set.png */,
				1892198D198FB573008041D9 /* launch_r4.png */,
				18923A3E198F860B006BAB7C /* launch.png */,
				1893EB1C198F7FFC0098F0C7 /* icon_29x29@2x.png */,
				1893EB1D198F7FFC0098F0C7 /* icon_40x40@2x.png */,
				1893EB1E198F7FFC0098F0C7 /* icon_60x60@2x.png */,
				1894E4A31991B4D60051A268 /* ti.png */,
				1894E4A51991B7580051A268 /* cloudy2.png */,
			);
			name = images;
			sourceTree = "<group>";
		};
		1892781919985A6100163325 /* graph */ = {
			isa = PBXGroup;
			children = (
				1892781A19985A6B00163325 /* cb_box_off.png */,
				1892781B19985A6B00163325 /* cb_box_off@2x.png */,
				1892781C19985A6B00163325 /* cb_box_on.png */,
				1892781D19985A6B00163325 /* cb_box_on@2x.png */,
				1892781E19985A6B00163325 /* cb_dark_off.png */,
				1892781F19985A6B00163325 /* cb_dark_off@2x.png */,
				1892782019985A6B00163325 /* cb_dark_on.png */,
				1892782119985A6B00163325 /* cb_dark_on@2x.png */,
				1892782219985A6B00163325 /* cb_glossy_off.png */,
				1892782319985A6B00163325 /* cb_glossy_off@2x.png */,
				1892782419985A6B00163325 /* cb_glossy_on.png */,
				1892782519985A6B00163325 /* cb_glossy_on@2x.png */,
				1892782619985A6B00163325 /* cb_green_off.png */,
				1892782719985A6B00163325 /* cb_green_off@2x.png */,
				1892782819985A6B00163325 /* cb_green_on.png */,
				1892782919985A6B00163325 /* cb_green_on@2x.png */,
				1892782A19985A6B00163325 /* cb_mono_off.png */,
				1892782B19985A6B00163325 /* cb_mono_off@2x.png */,
				1892782C19985A6B00163325 /* cb_mono_on.png */,
				1892782D19985A6B00163325 /* cb_mono_on@2x.png */,
			);
			name = graph;
			sourceTree = "<group>";
		};
		1892903819975E050056CEAC /* keychain */ = {
			isa = PBXGroup;
			children = (
				18929035199757320056CEAC /* SFHFKeychainUtils.h */,
				18929036199757320056CEAC /* SFHFKeychainUtils.m */,
			);
			name = keychain;
			sourceTree = "<group>";
		};
		1892903C19977F200056CEAC /* ACPButtons */ = {
			isa = PBXGroup;
			children = (
				1892903919977F1D0056CEAC /* ACPButton.h */,
				1892903A19977F1D0056CEAC /* ACPButton.m */,
			);
			name = ACPButtons;
			sourceTree = "<group>";
		};
		1892903D1997816E0056CEAC /* SSCheckBoxView */ = {
			isa = PBXGroup;
			children = (
				1894E4B31991D1C20051A268 /* SSCheckBoxView.h */,
				1894E4B41991D1C20051A268 /* SSCheckBoxView.m */,
			);
			name = SSCheckBoxView;
			sourceTree = "<group>";
		};
		18A879E41977C12500BCD647 = {
			isa = PBXGroup;
			children = (
				18A879F61977C12500BCD647 /* kedong */,
				18A87A181977C12500BCD647 /* kedongTests */,
				18A879EF1977C12500BCD647 /* Frameworks */,
				18A879EE1977C12500BCD647 /* Products */,
			);
			sourceTree = "<group>";
		};
		18A879EE1977C12500BCD647 /* Products */ = {
			isa = PBXGroup;
			children = (
				18A879ED1977C12500BCD647 /* kedong.app */,
				18A87A111977C12500BCD647 /* kedongTests.xctest */,
			);
			name = Products;
			sourceTree = "<group>";
		};
		18A879EF1977C12500BCD647 /* Frameworks */ = {
			isa = PBXGroup;
			children = (
				1892902D19961D3D0056CEAC /* Security.framework */,
				18A879F01977C12500BCD647 /* Foundation.framework */,
				18A879F21977C12500BCD647 /* CoreGraphics.framework */,
				18A879F41977C12500BCD647 /* UIKit.framework */,
				18A87A121977C12500BCD647 /* XCTest.framework */,
			);
			name = Frameworks;
			sourceTree = "<group>";
		};
		18A879F61977C12500BCD647 /* kedong */ = {
			isa = PBXGroup;
			children = (
				1892781919985A6100163325 /* graph */,
				1892903D1997816E0056CEAC /* SSCheckBoxView */,
				1892903C19977F200056CEAC /* ACPButtons */,
				1892903819975E050056CEAC /* keychain */,
				188F573A197E5C3A006E4947 /* images */,
				1894E4B61991D2180051A268 /* UIHelpers.h */,
				1894E4B71991D2180051A268 /* UIHelpers.m */,
				18F8F891197912C800C403D3 /* KD3CommonTools.h */,
				18F8F892197912C800C403D3 /* KD3CommonTools.m */,
				18A879FF1977C12500BCD647 /* KD3AppDelegate.h */,
				18A87A001977C12500BCD647 /* KD3AppDelegate.m */,
				18A87A021977C12500BCD647 /* Main.storyboard */,
				182601BF19948779008BC8E3 /* KD3TabBarController.h */,
				182601C019948779008BC8E3 /* KD3TabBarController.m */,
				182601BC19947B73008BC8E3 /* KD3AppInfoViewController.h */,
				182601BD19947B73008BC8E3 /* KD3AppInfoViewController.m */,
				182601B919947B0A008BC8E3 /* KD3UserInfoViewController.h */,
				182601BA19947B0A008BC8E3 /* KD3UserInfoViewController.m */,
				188F572F197E3123006E4947 /* KD3LoginViewController.h */,
				188F5730197E3123006E4947 /* KD3LoginViewController.m */,
				1892902C1995E3E50056CEAC /* project.h */,
				18925CE9198731C8009987E5 /* KD3PowerPlantController.h */,
				18925CEA198731C8009987E5 /* KD3PowerPlantController.m */,
				186C1D9A19936E6E0041A586 /* KD3SettingViewController.h */,
				186C1D9B19936E6E0041A586 /* KD3SettingViewController.m */,
				182601B61994591A008BC8E3 /* KD3UserSecretViewController.h */,
				182601B71994591A008BC8E3 /* KD3UserSecretViewController.m */,
				18A87A0B1977C12500BCD647 /* Images.xcassets */,
				18A879F71977C12500BCD647 /* Supporting Files */,
			);
			path = kedong;
			sourceTree = "<group>";
		};
		18A879F71977C12500BCD647 /* Supporting Files */ = {
			isa = PBXGroup;
			children = (
				1891C154197D56AE00118C78 /* index.js */,
				18A879F81977C12500BCD647 /* kedong-Info.plist */,
				18A879F91977C12500BCD647 /* InfoPlist.strings */,
				18A879FC1977C12500BCD647 /* main.m */,
				18A879FE1977C12500BCD647 /* kedong-Prefix.pch */,
			);
			name = "Supporting Files";
			sourceTree = "<group>";
		};
		18A87A181977C12500BCD647 /* kedongTests */ = {
			isa = PBXGroup;
			children = (
				18A87A1E1977C12500BCD647 /* kedongTests.m */,
				18A87A191977C12500BCD647 /* Supporting Files */,
			);
			path = kedongTests;
			sourceTree = "<group>";
		};
		18A87A191977C12500BCD647 /* Supporting Files */ = {
			isa = PBXGroup;
			children = (
				18A87A1A1977C12500BCD647 /* kedongTests-Info.plist */,
				18A87A1B1977C12500BCD647 /* InfoPlist.strings */,
			);
			name = "Supporting Files";
			sourceTree = "<group>";
		};
/* End PBXGroup section */

/* Begin PBXNativeTarget section */
		18A879EC1977C12500BCD647 /* kedong */ = {
			isa = PBXNativeTarget;
			buildConfigurationList = 18A87A221977C12500BCD647 /* Build configuration list for PBXNativeTarget "kedong" */;
			buildPhases = (
				18A879E91977C12500BCD647 /* Sources */,
				18A879EA1977C12500BCD647 /* Frameworks */,
				18A879EB1977C12500BCD647 /* Resources */,
			);
			buildRules = (
			);
			dependencies = (
			);
			name = kedong;
			productName = kedong;
			productReference = 18A879ED1977C12500BCD647 /* kedong.app */;
			productType = "com.apple.product-type.application";
		};
		18A87A101977C12500BCD647 /* kedongTests */ = {
			isa = PBXNativeTarget;
			buildConfigurationList = 18A87A251977C12500BCD647 /* Build configuration list for PBXNativeTarget "kedongTests" */;
			buildPhases = (
				18A87A0D1977C12500BCD647 /* Sources */,
				18A87A0E1977C12500BCD647 /* Frameworks */,
				18A87A0F1977C12500BCD647 /* Resources */,
			);
			buildRules = (
			);
			dependencies = (
				18A87A171977C12500BCD647 /* PBXTargetDependency */,
			);
			name = kedongTests;
			productName = kedongTests;
			productReference = 18A87A111977C12500BCD647 /* kedongTests.xctest */;
			productType = "com.apple.product-type.bundle.unit-test";
		};
/* End PBXNativeTarget section */

/* Begin PBXProject section */
		18A879E51977C12500BCD647 /* Project object */ = {
			isa = PBXProject;
			attributes = {
				CLASSPREFIX = KD3;
				LastUpgradeCheck = 0510;
				ORGANIZATIONNAME = "___FULLUSERNAME___";
				TargetAttributes = {
					18A879EC1977C12500BCD647 = {
						DevelopmentTeam = 8V5FRABMMQ;
					};
					18A87A101977C12500BCD647 = {
						TestTargetID = 18A879EC1977C12500BCD647;
					};
				};
			};
			buildConfigurationList = 18A879E81977C12500BCD647 /* Build configuration list for PBXProject "kedong" */;
			compatibilityVersion = "Xcode 3.2";
			developmentRegion = English;
			hasScannedForEncodings = 0;
			knownRegions = (
				en,
				Base,
			);
			mainGroup = 18A879E41977C12500BCD647;
			productRefGroup = 18A879EE1977C12500BCD647 /* Products */;
			projectDirPath = "";
			projectRoot = "";
			targets = (
				18A879EC1977C12500BCD647 /* kedong */,
				18A87A101977C12500BCD647 /* kedongTests */,
			);
		};
/* End PBXProject section */

/* Begin PBXResourcesBuildPhase section */
		18A879EB1977C12500BCD647 /* Resources */ = {
			isa = PBXResourcesBuildPhase;
			buildActionMask = 2147483647;
			files = (
				1894E4A41991B4D60051A268 /* ti.png in Resources */,
				1892783F19985A6B00163325 /* cb_mono_off@2x.png in Resources */,
				1893EB21198F7FFC0098F0C7 /* icon_60x60@2x.png in Resources */,
				1892783219985A6B00163325 /* cb_dark_off.png in Resources */,
				18A87A0C1977C12500BCD647 /* Images.xcassets in Resources */,
				1892783D19985A6B00163325 /* cb_green_on@2x.png in Resources */,
				18A879FB1977C12500BCD647 /* InfoPlist.strings in Resources */,
				1893EB1F198F7FFC0098F0C7 /* icon_29x29@2x.png in Resources */,
				1892783E19985A6B00163325 /* cb_mono_off.png in Resources */,
				1892783519985A6B00163325 /* cb_dark_on@2x.png in Resources */,
				18923A3F198F860B006BAB7C /* launch.png in Resources */,
				1892782E19985A6B00163325 /* cb_box_off.png in Resources */,
				1892783719985A6B00163325 /* cb_glossy_off@2x.png in Resources */,
				1892783119985A6B00163325 /* cb_box_on@2x.png in Resources */,
				1892783C19985A6B00163325 /* cb_green_on.png in Resources */,
				1892B2031997B7BE0086D32A /* set.png in Resources */,
				1892783B19985A6B00163325 /* cb_green_off@2x.png in Resources */,
				1892783619985A6B00163325 /* cb_glossy_off.png in Resources */,
				1893EB20198F7FFC0098F0C7 /* icon_40x40@2x.png in Resources */,
				1892783419985A6B00163325 /* cb_dark_on.png in Resources */,
				1892783919985A6B00163325 /* cb_glossy_on@2x.png in Resources */,
				1892783019985A6B00163325 /* cb_box_on.png in Resources */,
				1892198E198FB573008041D9 /* launch_r4.png in Resources */,
				1892783A19985A6B00163325 /* cb_green_off.png in Resources */,
				1892783319985A6B00163325 /* cb_dark_off@2x.png in Resources */,
				1892B2011997B1900086D32A /* refresh.png in Resources */,
				1892784019985A6B00163325 /* cb_mono_on.png in Resources */,
				1893E5721993B2B6009B2A98 /* bg.jpg in Resources */,
				1892784119985A6B00163325 /* cb_mono_on@2x.png in Resources */,
				1892783819985A6B00163325 /* cb_glossy_on.png in Resources */,
				1894E4A61991B7580051A268 /* cloudy2.png in Resources */,
				18A87A041977C12500BCD647 /* Main.storyboard in Resources */,
				1892782F19985A6B00163325 /* cb_box_off@2x.png in Resources */,
			);
			runOnlyForDeploymentPostprocessing = 0;
		};
		18A87A0F1977C12500BCD647 /* Resources */ = {
			isa = PBXResourcesBuildPhase;
			buildActionMask = 2147483647;
			files = (
				18A87A1D1977C12500BCD647 /* InfoPlist.strings in Resources */,
			);
			runOnlyForDeploymentPostprocessing = 0;
		};
/* End PBXResourcesBuildPhase section */

/* Begin PBXSourcesBuildPhase section */
		18A879E91977C12500BCD647 /* Sources */ = {
			isa = PBXSourcesBuildPhase;
			buildActionMask = 2147483647;
			files = (
				1891C155197D56AE00118C78 /* index.js in Sources */,
				18F8F893197912C800C403D3 /* KD3CommonTools.m in Sources */,
				182601B81994591A008BC8E3 /* KD3UserSecretViewController.m in Sources */,
				1892903B19977F1D0056CEAC /* ACPButton.m in Sources */,
				18A879FD1977C12500BCD647 /* main.m in Sources */,
				1894E4B51991D1C20051A268 /* SSCheckBoxView.m in Sources */,
				182601BB19947B0A008BC8E3 /* KD3UserInfoViewController.m in Sources */,
				188F5731197E3123006E4947 /* KD3LoginViewController.m in Sources */,
				182601BE19947B73008BC8E3 /* KD3AppInfoViewController.m in Sources */,
				186C1D9C19936E6E0041A586 /* KD3SettingViewController.m in Sources */,
				182601C119948779008BC8E3 /* KD3TabBarController.m in Sources */,
				18929037199757320056CEAC /* SFHFKeychainUtils.m in Sources */,
				18925CEB198731C8009987E5 /* KD3PowerPlantController.m in Sources */,
				18A87A011977C12500BCD647 /* KD3AppDelegate.m in Sources */,
				1894E4B81991D2180051A268 /* UIHelpers.m in Sources */,
			);
			runOnlyForDeploymentPostprocessing = 0;
		};
		18A87A0D1977C12500BCD647 /* Sources */ = {
			isa = PBXSourcesBuildPhase;
			buildActionMask = 2147483647;
			files = (
				18A87A1F1977C12500BCD647 /* kedongTests.m in Sources */,
			);
			runOnlyForDeploymentPostprocessing = 0;
		};
/* End PBXSourcesBuildPhase section */

/* Begin PBXTargetDependency section */
		18A87A171977C12500BCD647 /* PBXTargetDependency */ = {
			isa = PBXTargetDependency;
			target = 18A879EC1977C12500BCD647 /* kedong */;
			targetProxy = 18A87A161977C12500BCD647 /* PBXContainerItemProxy */;
		};
/* End PBXTargetDependency section */

/* Begin PBXVariantGroup section */
		18A879F91977C12500BCD647 /* InfoPlist.strings */ = {
			isa = PBXVariantGroup;
			children = (
				18A879FA1977C12500BCD647 /* en */,
			);
			name = InfoPlist.strings;
			sourceTree = "<group>";
		};
		18A87A021977C12500BCD647 /* Main.storyboard */ = {
			isa = PBXVariantGroup;
			children = (
				18A87A031977C12500BCD647 /* Base */,
			);
			name = Main.storyboard;
			sourceTree = "<group>";
		};
		18A87A1B1977C12500BCD647 /* InfoPlist.strings */ = {
			isa = PBXVariantGroup;
			children = (
				18A87A1C1977C12500BCD647 /* en */,
			);
			name = InfoPlist.strings;
			sourceTree = "<group>";
		};
/* End PBXVariantGroup section */

/* Begin XCBuildConfiguration section */
		18A87A201977C12500BCD647 /* Debug */ = {
			isa = XCBuildConfiguration;
			buildSettings = {
				ALWAYS_SEARCH_USER_PATHS = NO;
				CLANG_CXX_LANGUAGE_STANDARD = "gnu++0x";
				CLANG_CXX_LIBRARY = "libc++";
				CLANG_ENABLE_MODULES = YES;
				CLANG_ENABLE_OBJC_ARC = YES;
				CLANG_WARN_BOOL_CONVERSION = YES;
				CLANG_WARN_CONSTANT_CONVERSION = YES;
				CLANG_WARN_DIRECT_OBJC_ISA_USAGE = YES_ERROR;
				CLANG_WARN_EMPTY_BODY = YES;
				CLANG_WARN_ENUM_CONVERSION = YES;
				CLANG_WARN_INT_CONVERSION = YES;
				CLANG_WARN_OBJC_ROOT_CLASS = YES_ERROR;
				CLANG_WARN__DUPLICATE_METHOD_MATCH = YES;
				"CODE_SIGN_IDENTITY[sdk=iphoneos*]" = "iPhone Developer";
				COPY_PHASE_STRIP = NO;
				GCC_C_LANGUAGE_STANDARD = gnu99;
				GCC_DYNAMIC_NO_PIC = NO;
				GCC_OPTIMIZATION_LEVEL = 0;
				GCC_PREPROCESSOR_DEFINITIONS = (
					"DEBUG=1",
					"$(inherited)",
				);
				GCC_SYMBOLS_PRIVATE_EXTERN = NO;
				GCC_WARN_64_TO_32_BIT_CONVERSION = YES;
				GCC_WARN_ABOUT_RETURN_TYPE = YES_ERROR;
				GCC_WARN_UNDECLARED_SELECTOR = YES;
				GCC_WARN_UNINITIALIZED_AUTOS = YES_AGGRESSIVE;
				GCC_WARN_UNUSED_FUNCTION = YES;
				GCC_WARN_UNUSED_VARIABLE = YES;
				IPHONEOS_DEPLOYMENT_TARGET = 7.1;
				ONLY_ACTIVE_ARCH = YES;
				SDKROOT = iphoneos;
			};
			name = Debug;
		};
		18A87A211977C12500BCD647 /* Release */ = {
			isa = XCBuildConfiguration;
			buildSettings = {
				ALWAYS_SEARCH_USER_PATHS = NO;
				CLANG_CXX_LANGUAGE_STANDARD = "gnu++0x";
				CLANG_CXX_LIBRARY = "libc++";
				CLANG_ENABLE_MODULES = YES;
				CLANG_ENABLE_OBJC_ARC = YES;
				CLANG_WARN_BOOL_CONVERSION = YES;
				CLANG_WARN_CONSTANT_CONVERSION = YES;
				CLANG_WARN_DIRECT_OBJC_ISA_USAGE = YES_ERROR;
				CLANG_WARN_EMPTY_BODY = YES;
				CLANG_WARN_ENUM_CONVERSION = YES;
				CLANG_WARN_INT_CONVERSION = YES;
				CLANG_WARN_OBJC_ROOT_CLASS = YES_ERROR;
				CLANG_WARN__DUPLICATE_METHOD_MATCH = YES;
				"CODE_SIGN_IDENTITY[sdk=iphoneos*]" = "iPhone Developer";
				COPY_PHASE_STRIP = YES;
				ENABLE_NS_ASSERTIONS = NO;
				GCC_C_LANGUAGE_STANDARD = gnu99;
				GCC_WARN_64_TO_32_BIT_CONVERSION = YES;
				GCC_WARN_ABOUT_RETURN_TYPE = YES_ERROR;
				GCC_WARN_UNDECLARED_SELECTOR = YES;
				GCC_WARN_UNINITIALIZED_AUTOS = YES_AGGRESSIVE;
				GCC_WARN_UNUSED_FUNCTION = YES;
				GCC_WARN_UNUSED_VARIABLE = YES;
				IPHONEOS_DEPLOYMENT_TARGET = 7.1;
				SDKROOT = iphoneos;
				VALIDATE_PRODUCT = YES;
			};
			name = Release;
		};
		18A87A231977C12500BCD647 /* Debug */ = {
			isa = XCBuildConfiguration;
			buildSettings = {
				ASSETCATALOG_COMPILER_APPICON_NAME = AppIcon;
				ASSETCATALOG_COMPILER_LAUNCHIMAGE_NAME = LaunchImage;
				CODE_SIGN_IDENTITY = "iPhone Developer";
				"CODE_SIGN_IDENTITY[sdk=iphoneos*]" = "iPhone Developer";
				GCC_PRECOMPILE_PREFIX_HEADER = YES;
				GCC_PREFIX_HEADER = "kedong/kedong-Prefix.pch";
				INFOPLIST_FILE = "kedong/kedong-Info.plist";
				IPHONEOS_DEPLOYMENT_TARGET = 7.1;
				PRODUCT_NAME = "$(TARGET_NAME)";
				PROVISIONING_PROFILE = "";
				"USER_HEADER_SEARCH_PATHS[arch=*]" = /Users/apple/Desktop/workspace/SSCheckBoxView/SSCheckBoxView;
				WRAPPER_EXTENSION = app;
			};
			name = Debug;
		};
		18A87A241977C12500BCD647 /* Release */ = {
			isa = XCBuildConfiguration;
			buildSettings = {
				ASSETCATALOG_COMPILER_APPICON_NAME = AppIcon;
				ASSETCATALOG_COMPILER_LAUNCHIMAGE_NAME = LaunchImage;
				CODE_SIGN_IDENTITY = "iPhone Developer";
				"CODE_SIGN_IDENTITY[sdk=iphoneos*]" = "iPhone Developer";
				GCC_PRECOMPILE_PREFIX_HEADER = YES;
				GCC_PREFIX_HEADER = "kedong/kedong-Prefix.pch";
				INFOPLIST_FILE = "kedong/kedong-Info.plist";
				IPHONEOS_DEPLOYMENT_TARGET = 7.1;
				PRODUCT_NAME = "$(TARGET_NAME)";
				PROVISIONING_PROFILE = "";
				"USER_HEADER_SEARCH_PATHS[arch=*]" = /Users/apple/Desktop/workspace/SSCheckBoxView/SSCheckBoxView;
				WRAPPER_EXTENSION = app;
			};
			name = Release;
		};
		18A87A261977C12500BCD647 /* Debug */ = {
			isa = XCBuildConfiguration;
			buildSettings = {
				BUNDLE_LOADER = "$(BUILT_PRODUCTS_DIR)/kedong.app/kedong";
				FRAMEWORK_SEARCH_PATHS = (
					"$(SDKROOT)/Developer/Library/Frameworks",
					"$(inherited)",
					"$(DEVELOPER_FRAMEWORKS_DIR)",
				);
				GCC_PRECOMPILE_PREFIX_HEADER = YES;
				GCC_PREFIX_HEADER = "kedong/kedong-Prefix.pch";
				GCC_PREPROCESSOR_DEFINITIONS = (
					"DEBUG=1",
					"$(inherited)",
				);
				INFOPLIST_FILE = "kedongTests/kedongTests-Info.plist";
				PRODUCT_NAME = "$(TARGET_NAME)";
				TEST_HOST = "$(BUNDLE_LOADER)";
				WRAPPER_EXTENSION = xctest;
			};
			name = Debug;
		};
		18A87A271977C12500BCD647 /* Release */ = {
			isa = XCBuildConfiguration;
			buildSettings = {
				BUNDLE_LOADER = "$(BUILT_PRODUCTS_DIR)/kedong.app/kedong";
				FRAMEWORK_SEARCH_PATHS = (
					"$(SDKROOT)/Developer/Library/Frameworks",
					"$(inherited)",
					"$(DEVELOPER_FRAMEWORKS_DIR)",
				);
				GCC_PRECOMPILE_PREFIX_HEADER = YES;
				GCC_PREFIX_HEADER = "kedong/kedong-Prefix.pch";
				INFOPLIST_FILE = "kedongTests/kedongTests-Info.plist";
				PRODUCT_NAME = "$(TARGET_NAME)";
				TEST_HOST = "$(BUNDLE_LOADER)";
				WRAPPER_EXTENSION = xctest;
			};
			name = Release;
		};
/* End XCBuildConfiguration section */

/* Begin XCConfigurationList section */
		18A879E81977C12500BCD647 /* Build configuration list for PBXProject "kedong" */ = {
			isa = XCConfigurationList;
			buildConfigurations = (
				18A87A201977C12500BCD647 /* Debug */,
				18A87A211977C12500BCD647 /* Release */,
			);
			defaultConfigurationIsVisible = 0;
			defaultConfigurationName = Release;
		};
		18A87A221977C12500BCD647 /* Build configuration list for PBXNativeTarget "kedong" */ = {
			isa = XCConfigurationList;
			buildConfigurations = (
				18A87A231977C12500BCD647 /* Debug */,
				18A87A241977C12500BCD647 /* Release */,
			);
			defaultConfigurationIsVisible = 0;
			defaultConfigurationName = Release;
		};
		18A87A251977C12500BCD647 /* Build configuration list for PBXNativeTarget "kedongTests" */ = {
			isa = XCConfigurationList;
			buildConfigurations = (
				18A87A261977C12500BCD647 /* Debug */,
				18A87A271977C12500BCD647 /* Release */,
			);
			defaultConfigurationIsVisible = 0;
			defaultConfigurationName = Release;
		};
/* End XCConfigurationList section */
	};
	rootObject = 18A879E51977C12500BCD647 /* Project object */;
}
