// !$*UTF8*$!
{
	archiveVersion = 1;
	classes = {
	};
	objectVersion = 46;
	objects = {

/* Begin PBXBuildFile section */
		18599DCF197CF23000697BAC /* EColumn.m in Sources */ = {isa = PBXBuildFile; fileRef = 18599DC6197CF23000697BAC /* EColumn.m */; };
		18599DD0197CF23000697BAC /* EColor.m in Sources */ = {isa = PBXBuildFile; fileRef = 18599DC8197CF23000697BAC /* EColor.m */; };
		18599DD1197CF23000697BAC /* EColumnDataModel.m in Sources */ = {isa = PBXBuildFile; fileRef = 18599DCA197CF23000697BAC /* EColumnDataModel.m */; };
		18599DD2197CF23000697BAC /* EColumnChartLabel.m in Sources */ = {isa = PBXBuildFile; fileRef = 18599DCC197CF23000697BAC /* EColumnChartLabel.m */; };
		18599DD3197CF23000697BAC /* EFloatBox.m in Sources */ = {isa = PBXBuildFile; fileRef = 18599DCE197CF23000697BAC /* EFloatBox.m */; };
		18599DD6197CF24900697BAC /* EColumnChart.m in Sources */ = {isa = PBXBuildFile; fileRef = 18599DD5197CF24900697BAC /* EColumnChart.m */; };
		188F5731197E3123006E4947 /* KD3LoginViewController.m in Sources */ = {isa = PBXBuildFile; fileRef = 188F5730197E3123006E4947 /* KD3LoginViewController.m */; };
		188F5736197E5C2F006E4947 /* blue-ball.png in Resources */ = {isa = PBXBuildFile; fileRef = 188F5732197E5C2F006E4947 /* blue-ball.png */; };
		188F5737197E5C2F006E4947 /* green-ball.png in Resources */ = {isa = PBXBuildFile; fileRef = 188F5733197E5C2F006E4947 /* green-ball.png */; };
		188F5738197E5C2F006E4947 /* orange-ball.png in Resources */ = {isa = PBXBuildFile; fileRef = 188F5734197E5C2F006E4947 /* orange-ball.png */; };
		188F5739197E5C2F006E4947 /* red-ball.png in Resources */ = {isa = PBXBuildFile; fileRef = 188F5735197E5C2F006E4947 /* red-ball.png */; };
		1891C13E197D514200118C78 /* TWRLineChart.m in Sources */ = {isa = PBXBuildFile; fileRef = 1891C13D197D514200118C78 /* TWRLineChart.m */; };
		1891C141197D517800118C78 /* TWRDataSet.m in Sources */ = {isa = PBXBuildFile; fileRef = 1891C140197D517800118C78 /* TWRDataSet.m */; };
		1891C144197D51C600118C78 /* TWRChartView.m in Sources */ = {isa = PBXBuildFile; fileRef = 1891C143197D51C600118C78 /* TWRChartView.m */; };
		1891C147197D51DA00118C78 /* TWRChartBuilder.m in Sources */ = {isa = PBXBuildFile; fileRef = 1891C146197D51DA00118C78 /* TWRChartBuilder.m */; };
		1891C14A197D524B00118C78 /* TWRBarChart.m in Sources */ = {isa = PBXBuildFile; fileRef = 1891C149197D524B00118C78 /* TWRBarChart.m */; };
		1891C14D197D525C00118C78 /* TWRCircularChart.m in Sources */ = {isa = PBXBuildFile; fileRef = 1891C14C197D525C00118C78 /* TWRCircularChart.m */; };
		1891C150197D526800118C78 /* UIColor+HexString.m in Sources */ = {isa = PBXBuildFile; fileRef = 1891C14F197D526800118C78 /* UIColor+HexString.m */; };
		1891C153197D527E00118C78 /* TWRDataSet+Strings.m in Sources */ = {isa = PBXBuildFile; fileRef = 1891C152197D527E00118C78 /* TWRDataSet+Strings.m */; };
		1891C155197D56AE00118C78 /* index.js in Sources */ = {isa = PBXBuildFile; fileRef = 1891C154197D56AE00118C78 /* index.js */; };
		1891C158197D5B1100118C78 /* chart.min.js in Sources */ = {isa = PBXBuildFile; fileRef = 1891C156197D5B1100118C78 /* chart.min.js */; };
		1891C159197D5B1100118C78 /* index.html in Resources */ = {isa = PBXBuildFile; fileRef = 1891C157197D5B1100118C78 /* index.html */; };
		1891C15A197D60A600118C78 /* chart.min.js in Resources */ = {isa = PBXBuildFile; fileRef = 1891C156197D5B1100118C78 /* chart.min.js */; };
		18A879F11977C12500BCD647 /* Foundation.framework in Frameworks */ = {isa = PBXBuildFile; fileRef = 18A879F01977C12500BCD647 /* Foundation.framework */; };
		18A879F31977C12500BCD647 /* CoreGraphics.framework in Frameworks */ = {isa = PBXBuildFile; fileRef = 18A879F21977C12500BCD647 /* CoreGraphics.framework */; };
		18A879F51977C12500BCD647 /* UIKit.framework in Frameworks */ = {isa = PBXBuildFile; fileRef = 18A879F41977C12500BCD647 /* UIKit.framework */; };
		18A879FB1977C12500BCD647 /* InfoPlist.strings in Resources */ = {isa = PBXBuildFile; fileRef = 18A879F91977C12500BCD647 /* InfoPlist.strings */; };
		18A879FD1977C12500BCD647 /* main.m in Sources */ = {isa = PBXBuildFile; fileRef = 18A879FC1977C12500BCD647 /* main.m */; };
		18A87A011977C12500BCD647 /* KD3AppDelegate.m in Sources */ = {isa = PBXBuildFile; fileRef = 18A87A001977C12500BCD647 /* KD3AppDelegate.m */; };
		18A87A041977C12500BCD647 /* Main.storyboard in Resources */ = {isa = PBXBuildFile; fileRef = 18A87A021977C12500BCD647 /* Main.storyboard */; };
		18A87A071977C12500BCD647 /* KD3ControlledCorporationViewController.m in Sources */ = {isa = PBXBuildFile; fileRef = 18A87A061977C12500BCD647 /* KD3ControlledCorporationViewController.m */; };
		18A87A0C1977C12500BCD647 /* Images.xcassets in Resources */ = {isa = PBXBuildFile; fileRef = 18A87A0B1977C12500BCD647 /* Images.xcassets */; };
		18A87A131977C12500BCD647 /* XCTest.framework in Frameworks */ = {isa = PBXBuildFile; fileRef = 18A87A121977C12500BCD647 /* XCTest.framework */; };
		18A87A141977C12500BCD647 /* Foundation.framework in Frameworks */ = {isa = PBXBuildFile; fileRef = 18A879F01977C12500BCD647 /* Foundation.framework */; };
		18A87A151977C12500BCD647 /* UIKit.framework in Frameworks */ = {isa = PBXBuildFile; fileRef = 18A879F41977C12500BCD647 /* UIKit.framework */; };
		18A87A1D1977C12500BCD647 /* InfoPlist.strings in Resources */ = {isa = PBXBuildFile; fileRef = 18A87A1B1977C12500BCD647 /* InfoPlist.strings */; };
		18A87A1F1977C12500BCD647 /* kedongTests.m in Sources */ = {isa = PBXBuildFile; fileRef = 18A87A1E1977C12500BCD647 /* kedongTests.m */; };
		18A87A2A1977C25A00BCD647 /* KD3PowerUnitViewController.m in Sources */ = {isa = PBXBuildFile; fileRef = 18A87A291977C25A00BCD647 /* KD3PowerUnitViewController.m */; };
		18D3D1461978107100D337D0 /* LDProgressView.m in Sources */ = {isa = PBXBuildFile; fileRef = 18D3D1431978107100D337D0 /* LDProgressView.m */; };
		18D3D1471978107100D337D0 /* UIColor+RGBValues.m in Sources */ = {isa = PBXBuildFile; fileRef = 18D3D1451978107100D337D0 /* UIColor+RGBValues.m */; };
		18F8F83C1978A8E100C403D3 /* KD3PowerPlantViewController.m in Sources */ = {isa = PBXBuildFile; fileRef = 18F8F83B1978A8E100C403D3 /* KD3PowerPlantViewController.m */; };
		18F8F893197912C800C403D3 /* KD3CommonTools.m in Sources */ = {isa = PBXBuildFile; fileRef = 18F8F892197912C800C403D3 /* KD3CommonTools.m */; };
/* End PBXBuildFile section */

/* Begin PBXContainerItemProxy section */
		18A87A161977C12500BCD647 /* PBXContainerItemProxy */ = {
			isa = PBXContainerItemProxy;
			containerPortal = 18A879E51977C12500BCD647 /* Project object */;
			proxyType = 1;
			remoteGlobalIDString = 18A879EC1977C12500BCD647;
			remoteInfo = kedong;
		};
/* End PBXContainerItemProxy section */

/* Begin PBXFileReference section */
		18599DC5197CF23000697BAC /* EColumn.h */ = {isa = PBXFileReference; fileEncoding = 4; lastKnownFileType = sourcecode.c.h; path = EColumn.h; sourceTree = "<group>"; };
		18599DC6197CF23000697BAC /* EColumn.m */ = {isa = PBXFileReference; fileEncoding = 4; lastKnownFileType = sourcecode.c.objc; path = EColumn.m; sourceTree = "<group>"; };
		18599DC7197CF23000697BAC /* EColor.h */ = {isa = PBXFileReference; fileEncoding = 4; lastKnownFileType = sourcecode.c.h; path = EColor.h; sourceTree = "<group>"; };
		18599DC8197CF23000697BAC /* EColor.m */ = {isa = PBXFileReference; fileEncoding = 4; lastKnownFileType = sourcecode.c.objc; path = EColor.m; sourceTree = "<group>"; };
		18599DC9197CF23000697BAC /* EColumnDataModel.h */ = {isa = PBXFileReference; fileEncoding = 4; lastKnownFileType = sourcecode.c.h; path = EColumnDataModel.h; sourceTree = "<group>"; };
		18599DCA197CF23000697BAC /* EColumnDataModel.m */ = {isa = PBXFileReference; fileEncoding = 4; lastKnownFileType = sourcecode.c.objc; path = EColumnDataModel.m; sourceTree = "<group>"; };
		18599DCB197CF23000697BAC /* EColumnChartLabel.h */ = {isa = PBXFileReference; fileEncoding = 4; lastKnownFileType = sourcecode.c.h; path = EColumnChartLabel.h; sourceTree = "<group>"; };
		18599DCC197CF23000697BAC /* EColumnChartLabel.m */ = {isa = PBXFileReference; fileEncoding = 4; lastKnownFileType = sourcecode.c.objc; path = EColumnChartLabel.m; sourceTree = "<group>"; };
		18599DCD197CF23000697BAC /* EFloatBox.h */ = {isa = PBXFileReference; fileEncoding = 4; lastKnownFileType = sourcecode.c.h; path = EFloatBox.h; sourceTree = "<group>"; };
		18599DCE197CF23000697BAC /* EFloatBox.m */ = {isa = PBXFileReference; fileEncoding = 4; lastKnownFileType = sourcecode.c.objc; path = EFloatBox.m; sourceTree = "<group>"; };
		18599DD4197CF24900697BAC /* EColumnChart.h */ = {isa = PBXFileReference; fileEncoding = 4; lastKnownFileType = sourcecode.c.h; path = EColumnChart.h; sourceTree = "<group>"; };
		18599DD5197CF24900697BAC /* EColumnChart.m */ = {isa = PBXFileReference; fileEncoding = 4; lastKnownFileType = sourcecode.c.objc; path = EColumnChart.m; sourceTree = "<group>"; };
		188F572F197E3123006E4947 /* KD3LoginViewController.h */ = {isa = PBXFileReference; fileEncoding = 4; lastKnownFileType = sourcecode.c.h; path = KD3LoginViewController.h; sourceTree = "<group>"; };
		188F5730197E3123006E4947 /* KD3LoginViewController.m */ = {isa = PBXFileReference; fileEncoding = 4; lastKnownFileType = sourcecode.c.objc; path = KD3LoginViewController.m; sourceTree = "<group>"; };
		188F5732197E5C2F006E4947 /* blue-ball.png */ = {isa = PBXFileReference; lastKnownFileType = image.png; path = "blue-ball.png"; sourceTree = "<group>"; };
		188F5733197E5C2F006E4947 /* green-ball.png */ = {isa = PBXFileReference; lastKnownFileType = image.png; path = "green-ball.png"; sourceTree = "<group>"; };
		188F5734197E5C2F006E4947 /* orange-ball.png */ = {isa = PBXFileReference; lastKnownFileType = image.png; path = "orange-ball.png"; sourceTree = "<group>"; };
		188F5735197E5C2F006E4947 /* red-ball.png */ = {isa = PBXFileReference; lastKnownFileType = image.png; path = "red-ball.png"; sourceTree = "<group>"; };
		1891C13C197D514200118C78 /* TWRLineChart.h */ = {isa = PBXFileReference; fileEncoding = 4; lastKnownFileType = sourcecode.c.h; path = TWRLineChart.h; sourceTree = "<group>"; };
		1891C13D197D514200118C78 /* TWRLineChart.m */ = {isa = PBXFileReference; fileEncoding = 4; lastKnownFileType = sourcecode.c.objc; path = TWRLineChart.m; sourceTree = "<group>"; };
		1891C13F197D517800118C78 /* TWRDataSet.h */ = {isa = PBXFileReference; fileEncoding = 4; lastKnownFileType = sourcecode.c.h; path = TWRDataSet.h; sourceTree = "<group>"; };
		1891C140197D517800118C78 /* TWRDataSet.m */ = {isa = PBXFileReference; fileEncoding = 4; lastKnownFileType = sourcecode.c.objc; path = TWRDataSet.m; sourceTree = "<group>"; };
		1891C142197D51C600118C78 /* TWRChartView.h */ = {isa = PBXFileReference; fileEncoding = 4; lastKnownFileType = sourcecode.c.h; path = TWRChartView.h; sourceTree = "<group>"; };
		1891C143197D51C600118C78 /* TWRChartView.m */ = {isa = PBXFileReference; fileEncoding = 4; lastKnownFileType = sourcecode.c.objc; path = TWRChartView.m; sourceTree = "<group>"; };
		1891C145197D51DA00118C78 /* TWRChartBuilder.h */ = {isa = PBXFileReference; fileEncoding = 4; lastKnownFileType = sourcecode.c.h; path = TWRChartBuilder.h; sourceTree = "<group>"; };
		1891C146197D51DA00118C78 /* TWRChartBuilder.m */ = {isa = PBXFileReference; fileEncoding = 4; lastKnownFileType = sourcecode.c.objc; path = TWRChartBuilder.m; sourceTree = "<group>"; };
		1891C148197D524B00118C78 /* TWRBarChart.h */ = {isa = PBXFileReference; fileEncoding = 4; lastKnownFileType = sourcecode.c.h; path = TWRBarChart.h; sourceTree = "<group>"; };
		1891C149197D524B00118C78 /* TWRBarChart.m */ = {isa = PBXFileReference; fileEncoding = 4; lastKnownFileType = sourcecode.c.objc; path = TWRBarChart.m; sourceTree = "<group>"; };
		1891C14B197D525C00118C78 /* TWRCircularChart.h */ = {isa = PBXFileReference; fileEncoding = 4; lastKnownFileType = sourcecode.c.h; path = TWRCircularChart.h; sourceTree = "<group>"; };
		1891C14C197D525C00118C78 /* TWRCircularChart.m */ = {isa = PBXFileReference; fileEncoding = 4; lastKnownFileType = sourcecode.c.objc; path = TWRCircularChart.m; sourceTree = "<group>"; };
		1891C14E197D526800118C78 /* UIColor+HexString.h */ = {isa = PBXFileReference; fileEncoding = 4; lastKnownFileType = sourcecode.c.h; path = "UIColor+HexString.h"; sourceTree = "<group>"; };
		1891C14F197D526800118C78 /* UIColor+HexString.m */ = {isa = PBXFileReference; fileEncoding = 4; lastKnownFileType = sourcecode.c.objc; path = "UIColor+HexString.m"; sourceTree = "<group>"; };
		1891C151197D527E00118C78 /* TWRDataSet+Strings.h */ = {isa = PBXFileReference; fileEncoding = 4; lastKnownFileType = sourcecode.c.h; path = "TWRDataSet+Strings.h"; sourceTree = "<group>"; };
		1891C152197D527E00118C78 /* TWRDataSet+Strings.m */ = {isa = PBXFileReference; fileEncoding = 4; lastKnownFileType = sourcecode.c.objc; path = "TWRDataSet+Strings.m"; sourceTree = "<group>"; };
		1891C154197D56AE00118C78 /* index.js */ = {isa = PBXFileReference; fileEncoding = 4; lastKnownFileType = sourcecode.javascript; path = index.js; sourceTree = "<group>"; };
		1891C156197D5B1100118C78 /* chart.min.js */ = {isa = PBXFileReference; fileEncoding = 4; lastKnownFileType = sourcecode.javascript; path = chart.min.js; sourceTree = "<group>"; };
		1891C157197D5B1100118C78 /* index.html */ = {isa = PBXFileReference; fileEncoding = 4; lastKnownFileType = text.html; path = index.html; sourceTree = "<group>"; };
		18A879ED1977C12500BCD647 /* kedong.app */ = {isa = PBXFileReference; explicitFileType = wrapper.application; includeInIndex = 0; path = kedong.app; sourceTree = BUILT_PRODUCTS_DIR; };
		18A879F01977C12500BCD647 /* Foundation.framework */ = {isa = PBXFileReference; lastKnownFileType = wrapper.framework; name = Foundation.framework; path = System/Library/Frameworks/Foundation.framework; sourceTree = SDKROOT; };
		18A879F21977C12500BCD647 /* CoreGraphics.framework */ = {isa = PBXFileReference; lastKnownFileType = wrapper.framework; name = CoreGraphics.framework; path = System/Library/Frameworks/CoreGraphics.framework; sourceTree = SDKROOT; };
		18A879F41977C12500BCD647 /* UIKit.framework */ = {isa = PBXFileReference; lastKnownFileType = wrapper.framework; name = UIKit.framework; path = System/Library/Frameworks/UIKit.framework; sourceTree = SDKROOT; };
		18A879F81977C12500BCD647 /* kedong-Info.plist */ = {isa = PBXFileReference; lastKnownFileType = text.plist.xml; path = "kedong-Info.plist"; sourceTree = "<group>"; };
		18A879FA1977C12500BCD647 /* en */ = {isa = PBXFileReference; lastKnownFileType = text.plist.strings; name = en; path = en.lproj/InfoPlist.strings; sourceTree = "<group>"; };
		18A879FC1977C12500BCD647 /* main.m */ = {isa = PBXFileReference; lastKnownFileType = sourcecode.c.objc; path = main.m; sourceTree = "<group>"; };
		18A879FE1977C12500BCD647 /* kedong-Prefix.pch */ = {isa = PBXFileReference; lastKnownFileType = sourcecode.c.h; path = "kedong-Prefix.pch"; sourceTree = "<group>"; };
		18A879FF1977C12500BCD647 /* KD3AppDelegate.h */ = {isa = PBXFileReference; lastKnownFileType = sourcecode.c.h; path = KD3AppDelegate.h; sourceTree = "<group>"; };
		18A87A001977C12500BCD647 /* KD3AppDelegate.m */ = {isa = PBXFileReference; lastKnownFileType = sourcecode.c.objc; path = KD3AppDelegate.m; sourceTree = "<group>"; };
		18A87A031977C12500BCD647 /* Base */ = {isa = PBXFileReference; lastKnownFileType = file.storyboard; name = Base; path = Base.lproj/Main.storyboard; sourceTree = "<group>"; };
		18A87A051977C12500BCD647 /* KD3ControlledCorporationViewController.h */ = {isa = PBXFileReference; lastKnownFileType = sourcecode.c.h; path = KD3ControlledCorporationViewController.h; sourceTree = "<group>"; };
		18A87A061977C12500BCD647 /* KD3ControlledCorporationViewController.m */ = {isa = PBXFileReference; lastKnownFileType = sourcecode.c.objc; path = KD3ControlledCorporationViewController.m; sourceTree = "<group>"; };
		18A87A0B1977C12500BCD647 /* Images.xcassets */ = {isa = PBXFileReference; lastKnownFileType = folder.assetcatalog; path = Images.xcassets; sourceTree = "<group>"; };
		18A87A111977C12500BCD647 /* kedongTests.xctest */ = {isa = PBXFileReference; explicitFileType = wrapper.cfbundle; includeInIndex = 0; path = kedongTests.xctest; sourceTree = BUILT_PRODUCTS_DIR; };
		18A87A121977C12500BCD647 /* XCTest.framework */ = {isa = PBXFileReference; lastKnownFileType = wrapper.framework; name = XCTest.framework; path = Library/Frameworks/XCTest.framework; sourceTree = DEVELOPER_DIR; };
		18A87A1A1977C12500BCD647 /* kedongTests-Info.plist */ = {isa = PBXFileReference; lastKnownFileType = text.plist.xml; path = "kedongTests-Info.plist"; sourceTree = "<group>"; };
		18A87A1C1977C12500BCD647 /* en */ = {isa = PBXFileReference; lastKnownFileType = text.plist.strings; name = en; path = en.lproj/InfoPlist.strings; sourceTree = "<group>"; };
		18A87A1E1977C12500BCD647 /* kedongTests.m */ = {isa = PBXFileReference; lastKnownFileType = sourcecode.c.objc; path = kedongTests.m; sourceTree = "<group>"; };
		18A87A281977C25A00BCD647 /* KD3PowerUnitViewController.h */ = {isa = PBXFileReference; fileEncoding = 4; lastKnownFileType = sourcecode.c.h; path = KD3PowerUnitViewController.h; sourceTree = "<group>"; };
		18A87A291977C25A00BCD647 /* KD3PowerUnitViewController.m */ = {isa = PBXFileReference; fileEncoding = 4; lastKnownFileType = sourcecode.c.objc; path = KD3PowerUnitViewController.m; sourceTree = "<group>"; };
		18D3D1421978107100D337D0 /* LDProgressView.h */ = {isa = PBXFileReference; fileEncoding = 4; lastKnownFileType = sourcecode.c.h; path = LDProgressView.h; sourceTree = "<group>"; };
		18D3D1431978107100D337D0 /* LDProgressView.m */ = {isa = PBXFileReference; fileEncoding = 4; lastKnownFileType = sourcecode.c.objc; path = LDProgressView.m; sourceTree = "<group>"; };
		18D3D1441978107100D337D0 /* UIColor+RGBValues.h */ = {isa = PBXFileReference; fileEncoding = 4; lastKnownFileType = sourcecode.c.h; path = "UIColor+RGBValues.h"; sourceTree = "<group>"; };
		18D3D1451978107100D337D0 /* UIColor+RGBValues.m */ = {isa = PBXFileReference; fileEncoding = 4; lastKnownFileType = sourcecode.c.objc; path = "UIColor+RGBValues.m"; sourceTree = "<group>"; };
		18F8F83A1978A8E100C403D3 /* KD3PowerPlantViewController.h */ = {isa = PBXFileReference; fileEncoding = 4; lastKnownFileType = sourcecode.c.h; path = KD3PowerPlantViewController.h; sourceTree = "<group>"; };
		18F8F83B1978A8E100C403D3 /* KD3PowerPlantViewController.m */ = {isa = PBXFileReference; fileEncoding = 4; lastKnownFileType = sourcecode.c.objc; path = KD3PowerPlantViewController.m; sourceTree = "<group>"; };
		18F8F891197912C800C403D3 /* KD3CommonTools.h */ = {isa = PBXFileReference; fileEncoding = 4; lastKnownFileType = sourcecode.c.h; path = KD3CommonTools.h; sourceTree = "<group>"; };
		18F8F892197912C800C403D3 /* KD3CommonTools.m */ = {isa = PBXFileReference; fileEncoding = 4; lastKnownFileType = sourcecode.c.objc; path = KD3CommonTools.m; sourceTree = "<group>"; };
/* End PBXFileReference section */

/* Begin PBXFrameworksBuildPhase section */
		18A879EA1977C12500BCD647 /* Frameworks */ = {
			isa = PBXFrameworksBuildPhase;
			buildActionMask = 2147483647;
			files = (
				18A879F31977C12500BCD647 /* CoreGraphics.framework in Frameworks */,
				18A879F51977C12500BCD647 /* UIKit.framework in Frameworks */,
				18A879F11977C12500BCD647 /* Foundation.framework in Frameworks */,
			);
			runOnlyForDeploymentPostprocessing = 0;
		};
		18A87A0E1977C12500BCD647 /* Frameworks */ = {
			isa = PBXFrameworksBuildPhase;
			buildActionMask = 2147483647;
			files = (
				18A87A131977C12500BCD647 /* XCTest.framework in Frameworks */,
				18A87A151977C12500BCD647 /* UIKit.framework in Frameworks */,
				18A87A141977C12500BCD647 /* Foundation.framework in Frameworks */,
			);
			runOnlyForDeploymentPostprocessing = 0;
		};
/* End PBXFrameworksBuildPhase section */

/* Begin PBXGroup section */
		18599DB0197CC12F00697BAC /* EColumnChart */ = {
			isa = PBXGroup;
			children = (
				18599DD4197CF24900697BAC /* EColumnChart.h */,
				18599DD5197CF24900697BAC /* EColumnChart.m */,
				18599DBE197CE9C100697BAC /* Components */,
			);
			name = EColumnChart;
			sourceTree = "<group>";
		};
		18599DB1197CC15400697BAC /* ProgressChart */ = {
			isa = PBXGroup;
			children = (
				18D3D1421978107100D337D0 /* LDProgressView.h */,
				18D3D1431978107100D337D0 /* LDProgressView.m */,
				18D3D1441978107100D337D0 /* UIColor+RGBValues.h */,
				18D3D1451978107100D337D0 /* UIColor+RGBValues.m */,
			);
			name = ProgressChart;
			sourceTree = "<group>";
		};
		18599DBE197CE9C100697BAC /* Components */ = {
			isa = PBXGroup;
			children = (
				18599DC5197CF23000697BAC /* EColumn.h */,
				18599DC6197CF23000697BAC /* EColumn.m */,
				18599DC7197CF23000697BAC /* EColor.h */,
				18599DC8197CF23000697BAC /* EColor.m */,
				18599DC9197CF23000697BAC /* EColumnDataModel.h */,
				18599DCA197CF23000697BAC /* EColumnDataModel.m */,
				18599DCB197CF23000697BAC /* EColumnChartLabel.h */,
				18599DCC197CF23000697BAC /* EColumnChartLabel.m */,
				18599DCD197CF23000697BAC /* EFloatBox.h */,
				18599DCE197CF23000697BAC /* EFloatBox.m */,
			);
			name = Components;
			sourceTree = "<group>";
		};
		188F573A197E5C3A006E4947 /* images */ = {
			isa = PBXGroup;
			children = (
				188F5732197E5C2F006E4947 /* blue-ball.png */,
				188F5733197E5C2F006E4947 /* green-ball.png */,
				188F5734197E5C2F006E4947 /* orange-ball.png */,
				188F5735197E5C2F006E4947 /* red-ball.png */,
			);
			name = images;
			sourceTree = "<group>";
		};
		1891C13B197D50C900118C78 /* TWRChart */ = {
			isa = PBXGroup;
			children = (
				1891C156197D5B1100118C78 /* chart.min.js */,
				1891C157197D5B1100118C78 /* index.html */,
				1891C151197D527E00118C78 /* TWRDataSet+Strings.h */,
				1891C152197D527E00118C78 /* TWRDataSet+Strings.m */,
				1891C14E197D526800118C78 /* UIColor+HexString.h */,
				1891C14F197D526800118C78 /* UIColor+HexString.m */,
				1891C14B197D525C00118C78 /* TWRCircularChart.h */,
				1891C14C197D525C00118C78 /* TWRCircularChart.m */,
				1891C148197D524B00118C78 /* TWRBarChart.h */,
				1891C149197D524B00118C78 /* TWRBarChart.m */,
				1891C145197D51DA00118C78 /* TWRChartBuilder.h */,
				1891C146197D51DA00118C78 /* TWRChartBuilder.m */,
				1891C142197D51C600118C78 /* TWRChartView.h */,
				1891C143197D51C600118C78 /* TWRChartView.m */,
				1891C13F197D517800118C78 /* TWRDataSet.h */,
				1891C140197D517800118C78 /* TWRDataSet.m */,
				1891C13C197D514200118C78 /* TWRLineChart.h */,
				1891C13D197D514200118C78 /* TWRLineChart.m */,
			);
			name = TWRChart;
			sourceTree = "<group>";
		};
		18A879E41977C12500BCD647 = {
			isa = PBXGroup;
			children = (
				18A879F61977C12500BCD647 /* kedong */,
				18A87A181977C12500BCD647 /* kedongTests */,
				18A879EF1977C12500BCD647 /* Frameworks */,
				18A879EE1977C12500BCD647 /* Products */,
			);
			sourceTree = "<group>";
		};
		18A879EE1977C12500BCD647 /* Products */ = {
			isa = PBXGroup;
			children = (
				18A879ED1977C12500BCD647 /* kedong.app */,
				18A87A111977C12500BCD647 /* kedongTests.xctest */,
			);
			name = Products;
			sourceTree = "<group>";
		};
		18A879EF1977C12500BCD647 /* Frameworks */ = {
			isa = PBXGroup;
			children = (
				18A879F01977C12500BCD647 /* Foundation.framework */,
				18A879F21977C12500BCD647 /* CoreGraphics.framework */,
				18A879F41977C12500BCD647 /* UIKit.framework */,
				18A87A121977C12500BCD647 /* XCTest.framework */,
			);
			name = Frameworks;
			sourceTree = "<group>";
		};
		18A879F61977C12500BCD647 /* kedong */ = {
			isa = PBXGroup;
			children = (
				188F573A197E5C3A006E4947 /* images */,
				1891C13B197D50C900118C78 /* TWRChart */,
				18599DB1197CC15400697BAC /* ProgressChart */,
				18599DB0197CC12F00697BAC /* EColumnChart */,
				18F8F891197912C800C403D3 /* KD3CommonTools.h */,
				18F8F892197912C800C403D3 /* KD3CommonTools.m */,
				18A879FF1977C12500BCD647 /* KD3AppDelegate.h */,
				18A87A001977C12500BCD647 /* KD3AppDelegate.m */,
				18A87A021977C12500BCD647 /* Main.storyboard */,
				188F572F197E3123006E4947 /* KD3LoginViewController.h */,
				188F5730197E3123006E4947 /* KD3LoginViewController.m */,
				18F8F83A1978A8E100C403D3 /* KD3PowerPlantViewController.h */,
				18F8F83B1978A8E100C403D3 /* KD3PowerPlantViewController.m */,
				18A87A281977C25A00BCD647 /* KD3PowerUnitViewController.h */,
				18A87A291977C25A00BCD647 /* KD3PowerUnitViewController.m */,
				18A87A051977C12500BCD647 /* KD3ControlledCorporationViewController.h */,
				18A87A061977C12500BCD647 /* KD3ControlledCorporationViewController.m */,
				18A87A0B1977C12500BCD647 /* Images.xcassets */,
				18A879F71977C12500BCD647 /* Supporting Files */,
			);
			path = kedong;
			sourceTree = "<group>";
		};
		18A879F71977C12500BCD647 /* Supporting Files */ = {
			isa = PBXGroup;
			children = (
				1891C154197D56AE00118C78 /* index.js */,
				18A879F81977C12500BCD647 /* kedong-Info.plist */,
				18A879F91977C12500BCD647 /* InfoPlist.strings */,
				18A879FC1977C12500BCD647 /* main.m */,
				18A879FE1977C12500BCD647 /* kedong-Prefix.pch */,
			);
			name = "Supporting Files";
			sourceTree = "<group>";
		};
		18A87A181977C12500BCD647 /* kedongTests */ = {
			isa = PBXGroup;
			children = (
				18A87A1E1977C12500BCD647 /* kedongTests.m */,
				18A87A191977C12500BCD647 /* Supporting Files */,
			);
			path = kedongTests;
			sourceTree = "<group>";
		};
		18A87A191977C12500BCD647 /* Supporting Files */ = {
			isa = PBXGroup;
			children = (
				18A87A1A1977C12500BCD647 /* kedongTests-Info.plist */,
				18A87A1B1977C12500BCD647 /* InfoPlist.strings */,
			);
			name = "Supporting Files";
			sourceTree = "<group>";
		};
/* End PBXGroup section */

/* Begin PBXNativeTarget section */
		18A879EC1977C12500BCD647 /* kedong */ = {
			isa = PBXNativeTarget;
			buildConfigurationList = 18A87A221977C12500BCD647 /* Build configuration list for PBXNativeTarget "kedong" */;
			buildPhases = (
				18A879E91977C12500BCD647 /* Sources */,
				18A879EA1977C12500BCD647 /* Frameworks */,
				18A879EB1977C12500BCD647 /* Resources */,
			);
			buildRules = (
			);
			dependencies = (
			);
			name = kedong;
			productName = kedong;
			productReference = 18A879ED1977C12500BCD647 /* kedong.app */;
			productType = "com.apple.product-type.application";
		};
		18A87A101977C12500BCD647 /* kedongTests */ = {
			isa = PBXNativeTarget;
			buildConfigurationList = 18A87A251977C12500BCD647 /* Build configuration list for PBXNativeTarget "kedongTests" */;
			buildPhases = (
				18A87A0D1977C12500BCD647 /* Sources */,
				18A87A0E1977C12500BCD647 /* Frameworks */,
				18A87A0F1977C12500BCD647 /* Resources */,
			);
			buildRules = (
			);
			dependencies = (
				18A87A171977C12500BCD647 /* PBXTargetDependency */,
			);
			name = kedongTests;
			productName = kedongTests;
			productReference = 18A87A111977C12500BCD647 /* kedongTests.xctest */;
			productType = "com.apple.product-type.bundle.unit-test";
		};
/* End PBXNativeTarget section */

/* Begin PBXProject section */
		18A879E51977C12500BCD647 /* Project object */ = {
			isa = PBXProject;
			attributes = {
				CLASSPREFIX = KD3;
				LastUpgradeCheck = 0510;
				ORGANIZATIONNAME = "___FULLUSERNAME___";
				TargetAttributes = {
					18A879EC1977C12500BCD647 = {
						DevelopmentTeam = 8V5FRABMMQ;
					};
					18A87A101977C12500BCD647 = {
						TestTargetID = 18A879EC1977C12500BCD647;
					};
				};
			};
			buildConfigurationList = 18A879E81977C12500BCD647 /* Build configuration list for PBXProject "kedong" */;
			compatibilityVersion = "Xcode 3.2";
			developmentRegion = English;
			hasScannedForEncodings = 0;
			knownRegions = (
				en,
				Base,
			);
			mainGroup = 18A879E41977C12500BCD647;
			productRefGroup = 18A879EE1977C12500BCD647 /* Products */;
			projectDirPath = "";
			projectRoot = "";
			targets = (
				18A879EC1977C12500BCD647 /* kedong */,
				18A87A101977C12500BCD647 /* kedongTests */,
			);
		};
/* End PBXProject section */

/* Begin PBXResourcesBuildPhase section */
		18A879EB1977C12500BCD647 /* Resources */ = {
			isa = PBXResourcesBuildPhase;
			buildActionMask = 2147483647;
			files = (
				1891C15A197D60A600118C78 /* chart.min.js in Resources */,
				188F5737197E5C2F006E4947 /* green-ball.png in Resources */,
				18A87A0C1977C12500BCD647 /* Images.xcassets in Resources */,
				188F5736197E5C2F006E4947 /* blue-ball.png in Resources */,
				1891C159197D5B1100118C78 /* index.html in Resources */,
				18A879FB1977C12500BCD647 /* InfoPlist.strings in Resources */,
				188F5738197E5C2F006E4947 /* orange-ball.png in Resources */,
				188F5739197E5C2F006E4947 /* red-ball.png in Resources */,
				18A87A041977C12500BCD647 /* Main.storyboard in Resources */,
			);
			runOnlyForDeploymentPostprocessing = 0;
		};
		18A87A0F1977C12500BCD647 /* Resources */ = {
			isa = PBXResourcesBuildPhase;
			buildActionMask = 2147483647;
			files = (
				18A87A1D1977C12500BCD647 /* InfoPlist.strings in Resources */,
			);
			runOnlyForDeploymentPostprocessing = 0;
		};
/* End PBXResourcesBuildPhase section */

/* Begin PBXSourcesBuildPhase section */
		18A879E91977C12500BCD647 /* Sources */ = {
			isa = PBXSourcesBuildPhase;
			buildActionMask = 2147483647;
			files = (
				18599DD3197CF23000697BAC /* EFloatBox.m in Sources */,
				1891C144197D51C600118C78 /* TWRChartView.m in Sources */,
				18F8F83C1978A8E100C403D3 /* KD3PowerPlantViewController.m in Sources */,
				18599DD6197CF24900697BAC /* EColumnChart.m in Sources */,
				1891C13E197D514200118C78 /* TWRLineChart.m in Sources */,
				1891C14D197D525C00118C78 /* TWRCircularChart.m in Sources */,
				18599DD0197CF23000697BAC /* EColor.m in Sources */,
				1891C153197D527E00118C78 /* TWRDataSet+Strings.m in Sources */,
				1891C155197D56AE00118C78 /* index.js in Sources */,
				1891C14A197D524B00118C78 /* TWRBarChart.m in Sources */,
				18D3D1471978107100D337D0 /* UIColor+RGBValues.m in Sources */,
				1891C158197D5B1100118C78 /* chart.min.js in Sources */,
				18F8F893197912C800C403D3 /* KD3CommonTools.m in Sources */,
				18A879FD1977C12500BCD647 /* main.m in Sources */,
				18599DD2197CF23000697BAC /* EColumnChartLabel.m in Sources */,
				18599DCF197CF23000697BAC /* EColumn.m in Sources */,
				1891C141197D517800118C78 /* TWRDataSet.m in Sources */,
				1891C147197D51DA00118C78 /* TWRChartBuilder.m in Sources */,
				188F5731197E3123006E4947 /* KD3LoginViewController.m in Sources */,
				18A87A2A1977C25A00BCD647 /* KD3PowerUnitViewController.m in Sources */,
				18A87A011977C12500BCD647 /* KD3AppDelegate.m in Sources */,
				18A87A071977C12500BCD647 /* KD3ControlledCorporationViewController.m in Sources */,
				1891C150197D526800118C78 /* UIColor+HexString.m in Sources */,
				18D3D1461978107100D337D0 /* LDProgressView.m in Sources */,
				18599DD1197CF23000697BAC /* EColumnDataModel.m in Sources */,
			);
			runOnlyForDeploymentPostprocessing = 0;
		};
		18A87A0D1977C12500BCD647 /* Sources */ = {
			isa = PBXSourcesBuildPhase;
			buildActionMask = 2147483647;
			files = (
				18A87A1F1977C12500BCD647 /* kedongTests.m in Sources */,
			);
			runOnlyForDeploymentPostprocessing = 0;
		};
/* End PBXSourcesBuildPhase section */

/* Begin PBXTargetDependency section */
		18A87A171977C12500BCD647 /* PBXTargetDependency */ = {
			isa = PBXTargetDependency;
			target = 18A879EC1977C12500BCD647 /* kedong */;
			targetProxy = 18A87A161977C12500BCD647 /* PBXContainerItemProxy */;
		};
/* End PBXTargetDependency section */

/* Begin PBXVariantGroup section */
		18A879F91977C12500BCD647 /* InfoPlist.strings */ = {
			isa = PBXVariantGroup;
			children = (
				18A879FA1977C12500BCD647 /* en */,
			);
			name = InfoPlist.strings;
			sourceTree = "<group>";
		};
		18A87A021977C12500BCD647 /* Main.storyboard */ = {
			isa = PBXVariantGroup;
			children = (
				18A87A031977C12500BCD647 /* Base */,
			);
			name = Main.storyboard;
			sourceTree = "<group>";
		};
		18A87A1B1977C12500BCD647 /* InfoPlist.strings */ = {
			isa = PBXVariantGroup;
			children = (
				18A87A1C1977C12500BCD647 /* en */,
			);
			name = InfoPlist.strings;
			sourceTree = "<group>";
		};
/* End PBXVariantGroup section */

/* Begin XCBuildConfiguration section */
		18A87A201977C12500BCD647 /* Debug */ = {
			isa = XCBuildConfiguration;
			buildSettings = {
				ALWAYS_SEARCH_USER_PATHS = NO;
				CLANG_CXX_LANGUAGE_STANDARD = "gnu++0x";
				CLANG_CXX_LIBRARY = "libc++";
				CLANG_ENABLE_MODULES = YES;
				CLANG_ENABLE_OBJC_ARC = YES;
				CLANG_WARN_BOOL_CONVERSION = YES;
				CLANG_WARN_CONSTANT_CONVERSION = YES;
				CLANG_WARN_DIRECT_OBJC_ISA_USAGE = YES_ERROR;
				CLANG_WARN_EMPTY_BODY = YES;
				CLANG_WARN_ENUM_CONVERSION = YES;
				CLANG_WARN_INT_CONVERSION = YES;
				CLANG_WARN_OBJC_ROOT_CLASS = YES_ERROR;
				CLANG_WARN__DUPLICATE_METHOD_MATCH = YES;
				"CODE_SIGN_IDENTITY[sdk=iphoneos*]" = "iPhone Developer";
				COPY_PHASE_STRIP = NO;
				GCC_C_LANGUAGE_STANDARD = gnu99;
				GCC_DYNAMIC_NO_PIC = NO;
				GCC_OPTIMIZATION_LEVEL = 0;
				GCC_PREPROCESSOR_DEFINITIONS = (
					"DEBUG=1",
					"$(inherited)",
				);
				GCC_SYMBOLS_PRIVATE_EXTERN = NO;
				GCC_WARN_64_TO_32_BIT_CONVERSION = YES;
				GCC_WARN_ABOUT_RETURN_TYPE = YES_ERROR;
				GCC_WARN_UNDECLARED_SELECTOR = YES;
				GCC_WARN_UNINITIALIZED_AUTOS = YES_AGGRESSIVE;
				GCC_WARN_UNUSED_FUNCTION = YES;
				GCC_WARN_UNUSED_VARIABLE = YES;
				IPHONEOS_DEPLOYMENT_TARGET = 7.1;
				ONLY_ACTIVE_ARCH = YES;
				SDKROOT = iphoneos;
			};
			name = Debug;
		};
		18A87A211977C12500BCD647 /* Release */ = {
			isa = XCBuildConfiguration;
			buildSettings = {
				ALWAYS_SEARCH_USER_PATHS = NO;
				CLANG_CXX_LANGUAGE_STANDARD = "gnu++0x";
				CLANG_CXX_LIBRARY = "libc++";
				CLANG_ENABLE_MODULES = YES;
				CLANG_ENABLE_OBJC_ARC = YES;
				CLANG_WARN_BOOL_CONVERSION = YES;
				CLANG_WARN_CONSTANT_CONVERSION = YES;
				CLANG_WARN_DIRECT_OBJC_ISA_USAGE = YES_ERROR;
				CLANG_WARN_EMPTY_BODY = YES;
				CLANG_WARN_ENUM_CONVERSION = YES;
				CLANG_WARN_INT_CONVERSION = YES;
				CLANG_WARN_OBJC_ROOT_CLASS = YES_ERROR;
				CLANG_WARN__DUPLICATE_METHOD_MATCH = YES;
				"CODE_SIGN_IDENTITY[sdk=iphoneos*]" = "iPhone Developer";
				COPY_PHASE_STRIP = YES;
				ENABLE_NS_ASSERTIONS = NO;
				GCC_C_LANGUAGE_STANDARD = gnu99;
				GCC_WARN_64_TO_32_BIT_CONVERSION = YES;
				GCC_WARN_ABOUT_RETURN_TYPE = YES_ERROR;
				GCC_WARN_UNDECLARED_SELECTOR = YES;
				GCC_WARN_UNINITIALIZED_AUTOS = YES_AGGRESSIVE;
				GCC_WARN_UNUSED_FUNCTION = YES;
				GCC_WARN_UNUSED_VARIABLE = YES;
				IPHONEOS_DEPLOYMENT_TARGET = 7.1;
				SDKROOT = iphoneos;
				VALIDATE_PRODUCT = YES;
			};
			name = Release;
		};
		18A87A231977C12500BCD647 /* Debug */ = {
			isa = XCBuildConfiguration;
			buildSettings = {
				ASSETCATALOG_COMPILER_APPICON_NAME = AppIcon;
				ASSETCATALOG_COMPILER_LAUNCHIMAGE_NAME = LaunchImage;
				CODE_SIGN_IDENTITY = "iPhone Developer";
				"CODE_SIGN_IDENTITY[sdk=iphoneos*]" = "iPhone Developer";
				GCC_PRECOMPILE_PREFIX_HEADER = YES;
				GCC_PREFIX_HEADER = "kedong/kedong-Prefix.pch";
				INFOPLIST_FILE = "kedong/kedong-Info.plist";
				PRODUCT_NAME = "$(TARGET_NAME)";
				PROVISIONING_PROFILE = "";
				WRAPPER_EXTENSION = app;
			};
			name = Debug;
		};
		18A87A241977C12500BCD647 /* Release */ = {
			isa = XCBuildConfiguration;
			buildSettings = {
				ASSETCATALOG_COMPILER_APPICON_NAME = AppIcon;
				ASSETCATALOG_COMPILER_LAUNCHIMAGE_NAME = LaunchImage;
				CODE_SIGN_IDENTITY = "iPhone Developer";
				"CODE_SIGN_IDENTITY[sdk=iphoneos*]" = "iPhone Developer";
				GCC_PRECOMPILE_PREFIX_HEADER = YES;
				GCC_PREFIX_HEADER = "kedong/kedong-Prefix.pch";
				INFOPLIST_FILE = "kedong/kedong-Info.plist";
				PRODUCT_NAME = "$(TARGET_NAME)";
				PROVISIONING_PROFILE = "";
				WRAPPER_EXTENSION = app;
			};
			name = Release;
		};
		18A87A261977C12500BCD647 /* Debug */ = {
			isa = XCBuildConfiguration;
			buildSettings = {
				BUNDLE_LOADER = "$(BUILT_PRODUCTS_DIR)/kedong.app/kedong";
				FRAMEWORK_SEARCH_PATHS = (
					"$(SDKROOT)/Developer/Library/Frameworks",
					"$(inherited)",
					"$(DEVELOPER_FRAMEWORKS_DIR)",
				);
				GCC_PRECOMPILE_PREFIX_HEADER = YES;
				GCC_PREFIX_HEADER = "kedong/kedong-Prefix.pch";
				GCC_PREPROCESSOR_DEFINITIONS = (
					"DEBUG=1",
					"$(inherited)",
				);
				INFOPLIST_FILE = "kedongTests/kedongTests-Info.plist";
				PRODUCT_NAME = "$(TARGET_NAME)";
				TEST_HOST = "$(BUNDLE_LOADER)";
				WRAPPER_EXTENSION = xctest;
			};
			name = Debug;
		};
		18A87A271977C12500BCD647 /* Release */ = {
			isa = XCBuildConfiguration;
			buildSettings = {
				BUNDLE_LOADER = "$(BUILT_PRODUCTS_DIR)/kedong.app/kedong";
				FRAMEWORK_SEARCH_PATHS = (
					"$(SDKROOT)/Developer/Library/Frameworks",
					"$(inherited)",
					"$(DEVELOPER_FRAMEWORKS_DIR)",
				);
				GCC_PRECOMPILE_PREFIX_HEADER = YES;
				GCC_PREFIX_HEADER = "kedong/kedong-Prefix.pch";
				INFOPLIST_FILE = "kedongTests/kedongTests-Info.plist";
				PRODUCT_NAME = "$(TARGET_NAME)";
				TEST_HOST = "$(BUNDLE_LOADER)";
				WRAPPER_EXTENSION = xctest;
			};
			name = Release;
		};
/* End XCBuildConfiguration section */

/* Begin XCConfigurationList section */
		18A879E81977C12500BCD647 /* Build configuration list for PBXProject "kedong" */ = {
			isa = XCConfigurationList;
			buildConfigurations = (
				18A87A201977C12500BCD647 /* Debug */,
				18A87A211977C12500BCD647 /* Release */,
			);
			defaultConfigurationIsVisible = 0;
			defaultConfigurationName = Release;
		};
		18A87A221977C12500BCD647 /* Build configuration list for PBXNativeTarget "kedong" */ = {
			isa = XCConfigurationList;
			buildConfigurations = (
				18A87A231977C12500BCD647 /* Debug */,
				18A87A241977C12500BCD647 /* Release */,
			);
			defaultConfigurationIsVisible = 0;
			defaultConfigurationName = Release;
		};
		18A87A251977C12500BCD647 /* Build configuration list for PBXNativeTarget "kedongTests" */ = {
			isa = XCConfigurationList;
			buildConfigurations = (
				18A87A261977C12500BCD647 /* Debug */,
				18A87A271977C12500BCD647 /* Release */,
			);
			defaultConfigurationIsVisible = 0;
			defaultConfigurationName = Release;
		};
/* End XCConfigurationList section */
	};
	rootObject = 18A879E51977C12500BCD647 /* Project object */;
}
